// !$*UTF8*$!
{
	archiveVersion = 1;
	classes = {
	};
	objectVersion = 52;
	objects = {

/* Begin PBXBuildFile section */
		7815110225D5F4D900FA9C1D /* SwiftEntryKit in Frameworks */ = {isa = PBXBuildFile; productRef = 7815110125D5F4D900FA9C1D /* SwiftEntryKit */; };
		781E73B026A8A0A900DFC861 /* SolveTest.swift in Sources */ = {isa = PBXBuildFile; fileRef = 781E73AF26A8A0A900DFC861 /* SolveTest.swift */; };
		784070BC25CDBD3500DB81CA /* Scrambler.swift in Sources */ = {isa = PBXBuildFile; fileRef = 784070BB25CDBD3500DB81CA /* Scrambler.swift */; };
		784070C725CDC75500DB81CA /* ScrambleGenerator.swift in Sources */ = {isa = PBXBuildFile; fileRef = 784070C625CDC75500DB81CA /* ScrambleGenerator.swift */; };
		78458D5D25D456ED0064DDBB /* CubePickerButton.swift in Sources */ = {isa = PBXBuildFile; fileRef = 78458D5C25D456ED0064DDBB /* CubePickerButton.swift */; };
		78458D6225D474EA0064DDBB /* SessionCubeSelector.swift in Sources */ = {isa = PBXBuildFile; fileRef = 78458D6125D474EA0064DDBB /* SessionCubeSelector.swift */; };
		78458D7425D48F3F0064DDBB /* PopupView in Frameworks */ = {isa = PBXBuildFile; productRef = 78458D7325D48F3F0064DDBB /* PopupView */; };
		78458D7A25D49A0C0064DDBB /* BLTNBoard in Frameworks */ = {isa = PBXBuildFile; productRef = 78458D7925D49A0C0064DDBB /* BLTNBoard */; };
		78458D8025D49DB30064DDBB /* SSToastMessage in Frameworks */ = {isa = PBXBuildFile; productRef = 78458D7F25D49DB30064DDBB /* SSToastMessage */; };
		78458D8625D4AD0E0064DDBB /* GraphView.swift in Sources */ = {isa = PBXBuildFile; fileRef = 78458D8525D4AD0E0064DDBB /* GraphView.swift */; };
		78458D8F25D4AD2A0064DDBB /* SwiftUICharts in Frameworks */ = {isa = PBXBuildFile; productRef = 78458D8E25D4AD2A0064DDBB /* SwiftUICharts */; };
		78458D9525D570C90064DDBB /* 3x3Visualizer.swift in Sources */ = {isa = PBXBuildFile; fileRef = 78458D9425D570C90064DDBB /* 3x3Visualizer.swift */; };
		784D54C126AA093500884C3D /* CustomModalView in Frameworks */ = {isa = PBXBuildFile; productRef = 784D54C026AA093500884C3D /* CustomModalView */; };
		784D54C326AA6DF500884C3D /* FancyModalStyle.swift in Sources */ = {isa = PBXBuildFile; fileRef = 784D54C226AA6DF500884C3D /* FancyModalStyle.swift */; };
		784D54C526AA728600884C3D /* SolveMoreInfoView.swift in Sources */ = {isa = PBXBuildFile; fileRef = 784D54C426AA728600884C3D /* SolveMoreInfoView.swift */; };
		78540DD525C8A8C300D0FEE4 /* Rubiks_Cube_TimerApp.swift in Sources */ = {isa = PBXBuildFile; fileRef = 78540DD425C8A8C300D0FEE4 /* Rubiks_Cube_TimerApp.swift */; };
		78540DD725C8A8C300D0FEE4 /* ContentView.swift in Sources */ = {isa = PBXBuildFile; fileRef = 78540DD625C8A8C300D0FEE4 /* ContentView.swift */; };
		78540DD925C8A8C500D0FEE4 /* Assets.xcassets in Resources */ = {isa = PBXBuildFile; fileRef = 78540DD825C8A8C500D0FEE4 /* Assets.xcassets */; };
		78540DDC25C8A8C500D0FEE4 /* Preview Assets.xcassets in Resources */ = {isa = PBXBuildFile; fileRef = 78540DDB25C8A8C500D0FEE4 /* Preview Assets.xcassets */; };
		78540DE725C8A8C500D0FEE4 /* Rubiks_Cube_TimerTests.swift in Sources */ = {isa = PBXBuildFile; fileRef = 78540DE625C8A8C500D0FEE4 /* Rubiks_Cube_TimerTests.swift */; };
		78540DF225C8A8C500D0FEE4 /* Rubiks_Cube_TimerUITests.swift in Sources */ = {isa = PBXBuildFile; fileRef = 78540DF125C8A8C500D0FEE4 /* Rubiks_Cube_TimerUITests.swift */; };
		78540E0425C8AAC700D0FEE4 /* TimerView.swift in Sources */ = {isa = PBXBuildFile; fileRef = 78540E0325C8AAC700D0FEE4 /* TimerView.swift */; };
		78540E1225C8BE0800D0FEE4 /* TimerManager.swift in Sources */ = {isa = PBXBuildFile; fileRef = 78540E1125C8BE0800D0FEE4 /* TimerManager.swift */; };
		7857B8E925D70AEC0049BA54 /* AlertControlView.swift in Sources */ = {isa = PBXBuildFile; fileRef = 7857B8E825D70AEC0049BA54 /* AlertControlView.swift */; };
		7857B8F725D724750049BA54 /* WidgetKit.framework in Frameworks */ = {isa = PBXBuildFile; fileRef = 7857B8F625D724750049BA54 /* WidgetKit.framework */; };
		7857B8F925D724750049BA54 /* SwiftUI.framework in Frameworks */ = {isa = PBXBuildFile; fileRef = 7857B8F825D724750049BA54 /* SwiftUI.framework */; };
		7857B8FC25D724750049BA54 /* Rubiks_Cube_Timer_Widget.swift in Sources */ = {isa = PBXBuildFile; fileRef = 7857B8FB25D724750049BA54 /* Rubiks_Cube_Timer_Widget.swift */; };
		7857B8FF25D724760049BA54 /* Assets.xcassets in Resources */ = {isa = PBXBuildFile; fileRef = 7857B8FE25D724760049BA54 /* Assets.xcassets */; };
		7857B90125D724760049BA54 /* Rubiks_Cube_Timer_Widget.intentdefinition in Sources */ = {isa = PBXBuildFile; fileRef = 7857B8FD25D724750049BA54 /* Rubiks_Cube_Timer_Widget.intentdefinition */; };
		7857B90225D724760049BA54 /* Rubiks_Cube_Timer_Widget.intentdefinition in Sources */ = {isa = PBXBuildFile; fileRef = 7857B8FD25D724750049BA54 /* Rubiks_Cube_Timer_Widget.intentdefinition */; };
		7857B90525D724760049BA54 /* Rubiks Cube Timer WidgetExtension.appex in Embed App Extensions */ = {isa = PBXBuildFile; fileRef = 7857B8F425D724750049BA54 /* Rubiks Cube Timer WidgetExtension.appex */; settings = {ATTRIBUTES = (RemoveHeadersOnCopy, ); }; };
		7857B90F25D72E7B0049BA54 /* Timer.xcdatamodeld in Sources */ = {isa = PBXBuildFile; fileRef = 787677DE25CB887700DF38A7 /* Timer.xcdatamodeld */; };
		7857B91525D730830049BA54 /* CoreDataHelper.swift in Sources */ = {isa = PBXBuildFile; fileRef = 7857B91425D730830049BA54 /* CoreDataHelper.swift */; };
		785FB61725D1DD6D009EC3F6 /* PartialSheet in Frameworks */ = {isa = PBXBuildFile; productRef = 785FB61625D1DD6D009EC3F6 /* PartialSheet */; };
		785FB61D25D20C55009EC3F6 /* Neumorphic in Frameworks */ = {isa = PBXBuildFile; productRef = 785FB61C25D20C55009EC3F6 /* Neumorphic */; };
		787677E025CB887700DF38A7 /* Timer.xcdatamodeld in Sources */ = {isa = PBXBuildFile; fileRef = 787677DE25CB887700DF38A7 /* Timer.xcdatamodeld */; };
		787677E825CB892300DF38A7 /* PersistenceController.swift in Sources */ = {isa = PBXBuildFile; fileRef = 787677E725CB892300DF38A7 /* PersistenceController.swift */; };
		787677F125CB9ADB00DF38A7 /* Solves.swift in Sources */ = {isa = PBXBuildFile; fileRef = 787677F025CB9ADB00DF38A7 /* Solves.swift */; };
		787677F925CB9B1100DF38A7 /* SolveRow.swift in Sources */ = {isa = PBXBuildFile; fileRef = 787677F825CB9B1100DF38A7 /* SolveRow.swift */; };
		78E6032E25D9C018007462E8 /* SessionAdder.swift in Sources */ = {isa = PBXBuildFile; fileRef = 78E6032D25D9C018007462E8 /* SessionAdder.swift */; };
		78E6033525D9CEFE007462E8 /* SPAlert in Frameworks */ = {isa = PBXBuildFile; productRef = 78E6033425D9CEFE007462E8 /* SPAlert */; };
/* End PBXBuildFile section */

/* Begin PBXContainerItemProxy section */
		78540DE325C8A8C500D0FEE4 /* PBXContainerItemProxy */ = {
			isa = PBXContainerItemProxy;
			containerPortal = 78540DC925C8A8C300D0FEE4 /* Project object */;
			proxyType = 1;
			remoteGlobalIDString = 78540DD025C8A8C300D0FEE4;
			remoteInfo = "Rubiks Cube Timer";
		};
		78540DEE25C8A8C500D0FEE4 /* PBXContainerItemProxy */ = {
			isa = PBXContainerItemProxy;
			containerPortal = 78540DC925C8A8C300D0FEE4 /* Project object */;
			proxyType = 1;
			remoteGlobalIDString = 78540DD025C8A8C300D0FEE4;
			remoteInfo = "Rubiks Cube Timer";
		};
		7857B90325D724760049BA54 /* PBXContainerItemProxy */ = {
			isa = PBXContainerItemProxy;
			containerPortal = 78540DC925C8A8C300D0FEE4 /* Project object */;
			proxyType = 1;
			remoteGlobalIDString = 7857B8F325D724750049BA54;
			remoteInfo = "Rubiks Cube Timer WidgetExtension";
		};
/* End PBXContainerItemProxy section */

/* Begin PBXCopyFilesBuildPhase section */
		7857B90925D724760049BA54 /* Embed App Extensions */ = {
			isa = PBXCopyFilesBuildPhase;
			buildActionMask = 2147483647;
			dstPath = "";
			dstSubfolderSpec = 13;
			files = (
				7857B90525D724760049BA54 /* Rubiks Cube Timer WidgetExtension.appex in Embed App Extensions */,
			);
			name = "Embed App Extensions";
			runOnlyForDeploymentPostprocessing = 0;
		};
/* End PBXCopyFilesBuildPhase section */

/* Begin PBXFileReference section */
		781E73AF26A8A0A900DFC861 /* SolveTest.swift */ = {isa = PBXFileReference; lastKnownFileType = sourcecode.swift; path = SolveTest.swift; sourceTree = "<group>"; };
		783558D125DB384C0079F11E /* Rubiks Cube Timer.entitlements */ = {isa = PBXFileReference; lastKnownFileType = text.plist.entitlements; path = "Rubiks Cube Timer.entitlements"; sourceTree = "<group>"; };
		783558D225DB384C0079F11E /* Rubiks Cube Timer WidgetExtension.entitlements */ = {isa = PBXFileReference; lastKnownFileType = text.plist.entitlements; path = "Rubiks Cube Timer WidgetExtension.entitlements"; sourceTree = "<group>"; };
		784070BB25CDBD3500DB81CA /* Scrambler.swift */ = {isa = PBXFileReference; lastKnownFileType = sourcecode.swift; path = Scrambler.swift; sourceTree = "<group>"; };
		784070C625CDC75500DB81CA /* ScrambleGenerator.swift */ = {isa = PBXFileReference; lastKnownFileType = sourcecode.swift; path = ScrambleGenerator.swift; sourceTree = "<group>"; };
		78458D5C25D456ED0064DDBB /* CubePickerButton.swift */ = {isa = PBXFileReference; lastKnownFileType = sourcecode.swift; path = CubePickerButton.swift; sourceTree = "<group>"; };
		78458D6125D474EA0064DDBB /* SessionCubeSelector.swift */ = {isa = PBXFileReference; lastKnownFileType = sourcecode.swift; path = SessionCubeSelector.swift; sourceTree = "<group>"; };
		78458D8525D4AD0E0064DDBB /* GraphView.swift */ = {isa = PBXFileReference; lastKnownFileType = sourcecode.swift; path = GraphView.swift; sourceTree = "<group>"; };
		78458D9425D570C90064DDBB /* 3x3Visualizer.swift */ = {isa = PBXFileReference; lastKnownFileType = sourcecode.swift; path = 3x3Visualizer.swift; sourceTree = "<group>"; };
		784D54C226AA6DF500884C3D /* FancyModalStyle.swift */ = {isa = PBXFileReference; lastKnownFileType = sourcecode.swift; path = FancyModalStyle.swift; sourceTree = "<group>"; };
		784D54C426AA728600884C3D /* SolveMoreInfoView.swift */ = {isa = PBXFileReference; lastKnownFileType = sourcecode.swift; path = SolveMoreInfoView.swift; sourceTree = "<group>"; };
		78540DD125C8A8C300D0FEE4 /* Rubiks Cube Timer.app */ = {isa = PBXFileReference; explicitFileType = wrapper.application; includeInIndex = 0; path = "Rubiks Cube Timer.app"; sourceTree = BUILT_PRODUCTS_DIR; };
		78540DD425C8A8C300D0FEE4 /* Rubiks_Cube_TimerApp.swift */ = {isa = PBXFileReference; lastKnownFileType = sourcecode.swift; path = Rubiks_Cube_TimerApp.swift; sourceTree = "<group>"; };
		78540DD625C8A8C300D0FEE4 /* ContentView.swift */ = {isa = PBXFileReference; lastKnownFileType = sourcecode.swift; path = ContentView.swift; sourceTree = "<group>"; };
		78540DD825C8A8C500D0FEE4 /* Assets.xcassets */ = {isa = PBXFileReference; lastKnownFileType = folder.assetcatalog; path = Assets.xcassets; sourceTree = "<group>"; };
		78540DDB25C8A8C500D0FEE4 /* Preview Assets.xcassets */ = {isa = PBXFileReference; lastKnownFileType = folder.assetcatalog; path = "Preview Assets.xcassets"; sourceTree = "<group>"; };
		78540DDD25C8A8C500D0FEE4 /* Info.plist */ = {isa = PBXFileReference; lastKnownFileType = text.plist.xml; path = Info.plist; sourceTree = "<group>"; };
		78540DE225C8A8C500D0FEE4 /* Rubiks Cube TimerTests.xctest */ = {isa = PBXFileReference; explicitFileType = wrapper.cfbundle; includeInIndex = 0; path = "Rubiks Cube TimerTests.xctest"; sourceTree = BUILT_PRODUCTS_DIR; };
		78540DE625C8A8C500D0FEE4 /* Rubiks_Cube_TimerTests.swift */ = {isa = PBXFileReference; lastKnownFileType = sourcecode.swift; path = Rubiks_Cube_TimerTests.swift; sourceTree = "<group>"; };
		78540DE825C8A8C500D0FEE4 /* Info.plist */ = {isa = PBXFileReference; lastKnownFileType = text.plist.xml; path = Info.plist; sourceTree = "<group>"; };
		78540DED25C8A8C500D0FEE4 /* Rubiks Cube TimerUITests.xctest */ = {isa = PBXFileReference; explicitFileType = wrapper.cfbundle; includeInIndex = 0; path = "Rubiks Cube TimerUITests.xctest"; sourceTree = BUILT_PRODUCTS_DIR; };
		78540DF125C8A8C500D0FEE4 /* Rubiks_Cube_TimerUITests.swift */ = {isa = PBXFileReference; lastKnownFileType = sourcecode.swift; path = Rubiks_Cube_TimerUITests.swift; sourceTree = "<group>"; };
		78540DF325C8A8C500D0FEE4 /* Info.plist */ = {isa = PBXFileReference; lastKnownFileType = text.plist.xml; path = Info.plist; sourceTree = "<group>"; };
		78540E0325C8AAC700D0FEE4 /* TimerView.swift */ = {isa = PBXFileReference; lastKnownFileType = sourcecode.swift; path = TimerView.swift; sourceTree = "<group>"; };
		78540E1125C8BE0800D0FEE4 /* TimerManager.swift */ = {isa = PBXFileReference; lastKnownFileType = sourcecode.swift; path = TimerManager.swift; sourceTree = "<group>"; };
		7857B8E825D70AEC0049BA54 /* AlertControlView.swift */ = {isa = PBXFileReference; lastKnownFileType = sourcecode.swift; path = AlertControlView.swift; sourceTree = "<group>"; };
		7857B8F425D724750049BA54 /* Rubiks Cube Timer WidgetExtension.appex */ = {isa = PBXFileReference; explicitFileType = "wrapper.app-extension"; includeInIndex = 0; path = "Rubiks Cube Timer WidgetExtension.appex"; sourceTree = BUILT_PRODUCTS_DIR; };
		7857B8F625D724750049BA54 /* WidgetKit.framework */ = {isa = PBXFileReference; lastKnownFileType = wrapper.framework; name = WidgetKit.framework; path = System/Library/Frameworks/WidgetKit.framework; sourceTree = SDKROOT; };
		7857B8F825D724750049BA54 /* SwiftUI.framework */ = {isa = PBXFileReference; lastKnownFileType = wrapper.framework; name = SwiftUI.framework; path = System/Library/Frameworks/SwiftUI.framework; sourceTree = SDKROOT; };
		7857B8FB25D724750049BA54 /* Rubiks_Cube_Timer_Widget.swift */ = {isa = PBXFileReference; lastKnownFileType = sourcecode.swift; path = Rubiks_Cube_Timer_Widget.swift; sourceTree = "<group>"; };
		7857B8FD25D724750049BA54 /* Rubiks_Cube_Timer_Widget.intentdefinition */ = {isa = PBXFileReference; lastKnownFileType = file.intentdefinition; path = Rubiks_Cube_Timer_Widget.intentdefinition; sourceTree = "<group>"; };
		7857B8FE25D724760049BA54 /* Assets.xcassets */ = {isa = PBXFileReference; lastKnownFileType = folder.assetcatalog; path = Assets.xcassets; sourceTree = "<group>"; };
		7857B90025D724760049BA54 /* Info.plist */ = {isa = PBXFileReference; lastKnownFileType = text.plist.xml; path = Info.plist; sourceTree = "<group>"; };
		7857B91425D730830049BA54 /* CoreDataHelper.swift */ = {isa = PBXFileReference; lastKnownFileType = sourcecode.swift; path = CoreDataHelper.swift; sourceTree = "<group>"; };
		787677DF25CB887700DF38A7 /* Solve.xcdatamodel */ = {isa = PBXFileReference; lastKnownFileType = wrapper.xcdatamodel; path = Solve.xcdatamodel; sourceTree = "<group>"; };
		787677E725CB892300DF38A7 /* PersistenceController.swift */ = {isa = PBXFileReference; lastKnownFileType = sourcecode.swift; path = PersistenceController.swift; sourceTree = "<group>"; };
		787677F025CB9ADB00DF38A7 /* Solves.swift */ = {isa = PBXFileReference; lastKnownFileType = sourcecode.swift; path = Solves.swift; sourceTree = "<group>"; };
		787677F825CB9B1100DF38A7 /* SolveRow.swift */ = {isa = PBXFileReference; lastKnownFileType = sourcecode.swift; path = SolveRow.swift; sourceTree = "<group>"; };
		78C0ECDF26A8FD280005C6ED /* TODO.md */ = {isa = PBXFileReference; lastKnownFileType = net.daringfireball.markdown; path = TODO.md; sourceTree = "<group>"; };
		78E6032D25D9C018007462E8 /* SessionAdder.swift */ = {isa = PBXFileReference; lastKnownFileType = sourcecode.swift; path = SessionAdder.swift; sourceTree = "<group>"; };
/* End PBXFileReference section */

/* Begin PBXFrameworksBuildPhase section */
		78540DCE25C8A8C300D0FEE4 /* Frameworks */ = {
			isa = PBXFrameworksBuildPhase;
			buildActionMask = 2147483647;
			files = (
				78458D7425D48F3F0064DDBB /* PopupView in Frameworks */,
				7815110225D5F4D900FA9C1D /* SwiftEntryKit in Frameworks */,
				78E6033525D9CEFE007462E8 /* SPAlert in Frameworks */,
				78458D7A25D49A0C0064DDBB /* BLTNBoard in Frameworks */,
				78458D8025D49DB30064DDBB /* SSToastMessage in Frameworks */,
				784D54C126AA093500884C3D /* CustomModalView in Frameworks */,
				78458D8F25D4AD2A0064DDBB /* SwiftUICharts in Frameworks */,
				785FB61D25D20C55009EC3F6 /* Neumorphic in Frameworks */,
				785FB61725D1DD6D009EC3F6 /* PartialSheet in Frameworks */,
			);
			runOnlyForDeploymentPostprocessing = 0;
		};
		78540DDF25C8A8C500D0FEE4 /* Frameworks */ = {
			isa = PBXFrameworksBuildPhase;
			buildActionMask = 2147483647;
			files = (
			);
			runOnlyForDeploymentPostprocessing = 0;
		};
		78540DEA25C8A8C500D0FEE4 /* Frameworks */ = {
			isa = PBXFrameworksBuildPhase;
			buildActionMask = 2147483647;
			files = (
			);
			runOnlyForDeploymentPostprocessing = 0;
		};
		7857B8F125D724750049BA54 /* Frameworks */ = {
			isa = PBXFrameworksBuildPhase;
			buildActionMask = 2147483647;
			files = (
				7857B8F925D724750049BA54 /* SwiftUI.framework in Frameworks */,
				7857B8F725D724750049BA54 /* WidgetKit.framework in Frameworks */,
			);
			runOnlyForDeploymentPostprocessing = 0;
		};
/* End PBXFrameworksBuildPhase section */

/* Begin PBXGroup section */
		78458D6625D48E3F0064DDBB /* Utils */ = {
			isa = PBXGroup;
			children = (
				7857B8E825D70AEC0049BA54 /* AlertControlView.swift */,
				784D54C226AA6DF500884C3D /* FancyModalStyle.swift */,
			);
			path = Utils;
			sourceTree = "<group>";
		};
		78458D8425D4AD040064DDBB /* Graph */ = {
			isa = PBXGroup;
			children = (
				78458D8525D4AD0E0064DDBB /* GraphView.swift */,
			);
			path = Graph;
			sourceTree = "<group>";
		};
		78458D9325D570B40064DDBB /* Visualizer */ = {
			isa = PBXGroup;
			children = (
				78458D9425D570C90064DDBB /* 3x3Visualizer.swift */,
			);
			path = Visualizer;
			sourceTree = "<group>";
		};
		78540DC825C8A8C300D0FEE4 = {
			isa = PBXGroup;
			children = (
				78C0ECDF26A8FD280005C6ED /* TODO.md */,
				783558D225DB384C0079F11E /* Rubiks Cube Timer WidgetExtension.entitlements */,
				7857B90E25D72DE30049BA54 /* Shared */,
				78540DD325C8A8C300D0FEE4 /* Rubiks Cube Timer */,
				78540DE525C8A8C500D0FEE4 /* Rubiks Cube TimerTests */,
				78540DF025C8A8C500D0FEE4 /* Rubiks Cube TimerUITests */,
				7857B8FA25D724750049BA54 /* Rubiks Cube Timer Widget */,
				7857B8F525D724750049BA54 /* Frameworks */,
				78540DD225C8A8C300D0FEE4 /* Products */,
			);
			sourceTree = "<group>";
		};
		78540DD225C8A8C300D0FEE4 /* Products */ = {
			isa = PBXGroup;
			children = (
				78540DD125C8A8C300D0FEE4 /* Rubiks Cube Timer.app */,
				78540DE225C8A8C500D0FEE4 /* Rubiks Cube TimerTests.xctest */,
				78540DED25C8A8C500D0FEE4 /* Rubiks Cube TimerUITests.xctest */,
				7857B8F425D724750049BA54 /* Rubiks Cube Timer WidgetExtension.appex */,
			);
			name = Products;
			sourceTree = "<group>";
		};
		78540DD325C8A8C300D0FEE4 /* Rubiks Cube Timer */ = {
			isa = PBXGroup;
			children = (
				783558D125DB384C0079F11E /* Rubiks Cube Timer.entitlements */,
				78458D8425D4AD040064DDBB /* Graph */,
				78458D6625D48E3F0064DDBB /* Utils */,
				787677EF25CB9AC900DF38A7 /* Log */,
				78540E0225C8A9D900D0FEE4 /* Timer */,
				78540DD425C8A8C300D0FEE4 /* Rubiks_Cube_TimerApp.swift */,
				78540DD625C8A8C300D0FEE4 /* ContentView.swift */,
				78540DD825C8A8C500D0FEE4 /* Assets.xcassets */,
				78540DDD25C8A8C500D0FEE4 /* Info.plist */,
				78540DDA25C8A8C500D0FEE4 /* Preview Content */,
				787677E725CB892300DF38A7 /* PersistenceController.swift */,
			);
			path = "Rubiks Cube Timer";
			sourceTree = "<group>";
		};
		78540DDA25C8A8C500D0FEE4 /* Preview Content */ = {
			isa = PBXGroup;
			children = (
				78540DDB25C8A8C500D0FEE4 /* Preview Assets.xcassets */,
			);
			path = "Preview Content";
			sourceTree = "<group>";
		};
		78540DE525C8A8C500D0FEE4 /* Rubiks Cube TimerTests */ = {
			isa = PBXGroup;
			children = (
				78540DE625C8A8C500D0FEE4 /* Rubiks_Cube_TimerTests.swift */,
				78540DE825C8A8C500D0FEE4 /* Info.plist */,
			);
			path = "Rubiks Cube TimerTests";
			sourceTree = "<group>";
		};
		78540DF025C8A8C500D0FEE4 /* Rubiks Cube TimerUITests */ = {
			isa = PBXGroup;
			children = (
				78540DF125C8A8C500D0FEE4 /* Rubiks_Cube_TimerUITests.swift */,
				78540DF325C8A8C500D0FEE4 /* Info.plist */,
			);
			path = "Rubiks Cube TimerUITests";
			sourceTree = "<group>";
		};
		78540E0225C8A9D900D0FEE4 /* Timer */ = {
			isa = PBXGroup;
			children = (
				786C933025CB078F003470F3 /* Scramble */,
				78540E0325C8AAC700D0FEE4 /* TimerView.swift */,
				78540E1125C8BE0800D0FEE4 /* TimerManager.swift */,
				78458D5C25D456ED0064DDBB /* CubePickerButton.swift */,
				78458D6125D474EA0064DDBB /* SessionCubeSelector.swift */,
				78E6032D25D9C018007462E8 /* SessionAdder.swift */,
			);
			path = Timer;
			sourceTree = "<group>";
		};
		7857B8F525D724750049BA54 /* Frameworks */ = {
			isa = PBXGroup;
			children = (
				7857B8F625D724750049BA54 /* WidgetKit.framework */,
				7857B8F825D724750049BA54 /* SwiftUI.framework */,
			);
			name = Frameworks;
			sourceTree = "<group>";
		};
		7857B8FA25D724750049BA54 /* Rubiks Cube Timer Widget */ = {
			isa = PBXGroup;
			children = (
				7857B8FB25D724750049BA54 /* Rubiks_Cube_Timer_Widget.swift */,
				7857B8FD25D724750049BA54 /* Rubiks_Cube_Timer_Widget.intentdefinition */,
				7857B8FE25D724760049BA54 /* Assets.xcassets */,
				7857B90025D724760049BA54 /* Info.plist */,
			);
			path = "Rubiks Cube Timer Widget";
			sourceTree = "<group>";
		};
		7857B90E25D72DE30049BA54 /* Shared */ = {
			isa = PBXGroup;
			children = (
				787677DE25CB887700DF38A7 /* Timer.xcdatamodeld */,
				7857B91425D730830049BA54 /* CoreDataHelper.swift */,
			);
			path = Shared;
			sourceTree = "<group>";
		};
		786C933025CB078F003470F3 /* Scramble */ = {
			isa = PBXGroup;
			children = (
				78458D9325D570B40064DDBB /* Visualizer */,
				784070BB25CDBD3500DB81CA /* Scrambler.swift */,
				784070C625CDC75500DB81CA /* ScrambleGenerator.swift */,
			);
			path = Scramble;
			sourceTree = "<group>";
		};
		787677EF25CB9AC900DF38A7 /* Log */ = {
			isa = PBXGroup;
			children = (
				787677F025CB9ADB00DF38A7 /* Solves.swift */,
				787677F825CB9B1100DF38A7 /* SolveRow.swift */,
				781E73AF26A8A0A900DFC861 /* SolveTest.swift */,
				784D54C426AA728600884C3D /* SolveMoreInfoView.swift */,
			);
			path = Log;
			sourceTree = "<group>";
		};
/* End PBXGroup section */

/* Begin PBXNativeTarget section */
		78540DD025C8A8C300D0FEE4 /* Rubiks Cube Timer */ = {
			isa = PBXNativeTarget;
			buildConfigurationList = 78540DF625C8A8C500D0FEE4 /* Build configuration list for PBXNativeTarget "Rubiks Cube Timer" */;
			buildPhases = (
				78540DCD25C8A8C300D0FEE4 /* Sources */,
				78540DCE25C8A8C300D0FEE4 /* Frameworks */,
				78540DCF25C8A8C300D0FEE4 /* Resources */,
				7857B90925D724760049BA54 /* Embed App Extensions */,
			);
			buildRules = (
			);
			dependencies = (
				7857B90425D724760049BA54 /* PBXTargetDependency */,
			);
			name = "Rubiks Cube Timer";
			packageProductDependencies = (
				785FB61625D1DD6D009EC3F6 /* PartialSheet */,
				785FB61C25D20C55009EC3F6 /* Neumorphic */,
				78458D7325D48F3F0064DDBB /* PopupView */,
				78458D7925D49A0C0064DDBB /* BLTNBoard */,
				78458D7F25D49DB30064DDBB /* SSToastMessage */,
				78458D8E25D4AD2A0064DDBB /* SwiftUICharts */,
				7815110125D5F4D900FA9C1D /* SwiftEntryKit */,
				78E6033425D9CEFE007462E8 /* SPAlert */,
				784D54C026AA093500884C3D /* CustomModalView */,
			);
			productName = "Rubiks Cube Timer";
			productReference = 78540DD125C8A8C300D0FEE4 /* Rubiks Cube Timer.app */;
			productType = "com.apple.product-type.application";
		};
		78540DE125C8A8C500D0FEE4 /* Rubiks Cube TimerTests */ = {
			isa = PBXNativeTarget;
			buildConfigurationList = 78540DF925C8A8C500D0FEE4 /* Build configuration list for PBXNativeTarget "Rubiks Cube TimerTests" */;
			buildPhases = (
				78540DDE25C8A8C500D0FEE4 /* Sources */,
				78540DDF25C8A8C500D0FEE4 /* Frameworks */,
				78540DE025C8A8C500D0FEE4 /* Resources */,
			);
			buildRules = (
			);
			dependencies = (
				78540DE425C8A8C500D0FEE4 /* PBXTargetDependency */,
			);
			name = "Rubiks Cube TimerTests";
			productName = "Rubiks Cube TimerTests";
			productReference = 78540DE225C8A8C500D0FEE4 /* Rubiks Cube TimerTests.xctest */;
			productType = "com.apple.product-type.bundle.unit-test";
		};
		78540DEC25C8A8C500D0FEE4 /* Rubiks Cube TimerUITests */ = {
			isa = PBXNativeTarget;
			buildConfigurationList = 78540DFC25C8A8C500D0FEE4 /* Build configuration list for PBXNativeTarget "Rubiks Cube TimerUITests" */;
			buildPhases = (
				78540DE925C8A8C500D0FEE4 /* Sources */,
				78540DEA25C8A8C500D0FEE4 /* Frameworks */,
				78540DEB25C8A8C500D0FEE4 /* Resources */,
			);
			buildRules = (
			);
			dependencies = (
				78540DEF25C8A8C500D0FEE4 /* PBXTargetDependency */,
			);
			name = "Rubiks Cube TimerUITests";
			productName = "Rubiks Cube TimerUITests";
			productReference = 78540DED25C8A8C500D0FEE4 /* Rubiks Cube TimerUITests.xctest */;
			productType = "com.apple.product-type.bundle.ui-testing";
		};
		7857B8F325D724750049BA54 /* Rubiks Cube Timer WidgetExtension */ = {
			isa = PBXNativeTarget;
			buildConfigurationList = 7857B90625D724760049BA54 /* Build configuration list for PBXNativeTarget "Rubiks Cube Timer WidgetExtension" */;
			buildPhases = (
				7857B8F025D724750049BA54 /* Sources */,
				7857B8F125D724750049BA54 /* Frameworks */,
				7857B8F225D724750049BA54 /* Resources */,
			);
			buildRules = (
			);
			dependencies = (
			);
			name = "Rubiks Cube Timer WidgetExtension";
			productName = "Rubiks Cube Timer WidgetExtension";
			productReference = 7857B8F425D724750049BA54 /* Rubiks Cube Timer WidgetExtension.appex */;
			productType = "com.apple.product-type.app-extension";
		};
/* End PBXNativeTarget section */

/* Begin PBXProject section */
		78540DC925C8A8C300D0FEE4 /* Project object */ = {
			isa = PBXProject;
			attributes = {
				LastSwiftUpdateCheck = 1240;
				LastUpgradeCheck = 1240;
				TargetAttributes = {
					78540DD025C8A8C300D0FEE4 = {
						CreatedOnToolsVersion = 12.4;
					};
					78540DE125C8A8C500D0FEE4 = {
						CreatedOnToolsVersion = 12.4;
						TestTargetID = 78540DD025C8A8C300D0FEE4;
					};
					78540DEC25C8A8C500D0FEE4 = {
						CreatedOnToolsVersion = 12.4;
						TestTargetID = 78540DD025C8A8C300D0FEE4;
					};
					7857B8F325D724750049BA54 = {
						CreatedOnToolsVersion = 12.4;
					};
				};
			};
			buildConfigurationList = 78540DCC25C8A8C300D0FEE4 /* Build configuration list for PBXProject "Rubiks Cube Timer" */;
			compatibilityVersion = "Xcode 9.3";
			developmentRegion = en;
			hasScannedForEncodings = 0;
			knownRegions = (
				en,
				Base,
			);
			mainGroup = 78540DC825C8A8C300D0FEE4;
			packageReferences = (
				785FB61525D1DD6D009EC3F6 /* XCRemoteSwiftPackageReference "PartialSheet" */,
				785FB61B25D20C55009EC3F6 /* XCRemoteSwiftPackageReference "neumorphic" */,
				78458D7225D48F3F0064DDBB /* XCRemoteSwiftPackageReference "PopupView" */,
				78458D7825D49A0C0064DDBB /* XCRemoteSwiftPackageReference "BulletinBoard" */,
				78458D7E25D49DB30064DDBB /* XCRemoteSwiftPackageReference "SSToastMessage" */,
				78458D8D25D4AD2A0064DDBB /* XCRemoteSwiftPackageReference "ChartView" */,
				7815110025D5F4D900FA9C1D /* XCRemoteSwiftPackageReference "SwiftEntryKit" */,
				78E6033325D9CEFE007462E8 /* XCRemoteSwiftPackageReference "SPAlert" */,
				784D54BF26AA093500884C3D /* XCRemoteSwiftPackageReference "CustomModalView" */,
			);
			productRefGroup = 78540DD225C8A8C300D0FEE4 /* Products */;
			projectDirPath = "";
			projectRoot = "";
			targets = (
				78540DD025C8A8C300D0FEE4 /* Rubiks Cube Timer */,
				78540DE125C8A8C500D0FEE4 /* Rubiks Cube TimerTests */,
				78540DEC25C8A8C500D0FEE4 /* Rubiks Cube TimerUITests */,
				7857B8F325D724750049BA54 /* Rubiks Cube Timer WidgetExtension */,
			);
		};
/* End PBXProject section */

/* Begin PBXResourcesBuildPhase section */
		78540DCF25C8A8C300D0FEE4 /* Resources */ = {
			isa = PBXResourcesBuildPhase;
			buildActionMask = 2147483647;
			files = (
				78540DDC25C8A8C500D0FEE4 /* Preview Assets.xcassets in Resources */,
				78540DD925C8A8C500D0FEE4 /* Assets.xcassets in Resources */,
			);
			runOnlyForDeploymentPostprocessing = 0;
		};
		78540DE025C8A8C500D0FEE4 /* Resources */ = {
			isa = PBXResourcesBuildPhase;
			buildActionMask = 2147483647;
			files = (
			);
			runOnlyForDeploymentPostprocessing = 0;
		};
		78540DEB25C8A8C500D0FEE4 /* Resources */ = {
			isa = PBXResourcesBuildPhase;
			buildActionMask = 2147483647;
			files = (
			);
			runOnlyForDeploymentPostprocessing = 0;
		};
		7857B8F225D724750049BA54 /* Resources */ = {
			isa = PBXResourcesBuildPhase;
			buildActionMask = 2147483647;
			files = (
				7857B8FF25D724760049BA54 /* Assets.xcassets in Resources */,
			);
			runOnlyForDeploymentPostprocessing = 0;
		};
/* End PBXResourcesBuildPhase section */

/* Begin PBXSourcesBuildPhase section */
		78540DCD25C8A8C300D0FEE4 /* Sources */ = {
			isa = PBXSourcesBuildPhase;
			buildActionMask = 2147483647;
			files = (
				781E73B026A8A0A900DFC861 /* SolveTest.swift in Sources */,
				78540E0425C8AAC700D0FEE4 /* TimerView.swift in Sources */,
				78458D5D25D456ED0064DDBB /* CubePickerButton.swift in Sources */,
				784D54C526AA728600884C3D /* SolveMoreInfoView.swift in Sources */,
				78540E1225C8BE0800D0FEE4 /* TimerManager.swift in Sources */,
				784070BC25CDBD3500DB81CA /* Scrambler.swift in Sources */,
				7857B8E925D70AEC0049BA54 /* AlertControlView.swift in Sources */,
				7857B91525D730830049BA54 /* CoreDataHelper.swift in Sources */,
				787677F125CB9ADB00DF38A7 /* Solves.swift in Sources */,
				787677F925CB9B1100DF38A7 /* SolveRow.swift in Sources */,
				78540DD725C8A8C300D0FEE4 /* ContentView.swift in Sources */,
				787677E025CB887700DF38A7 /* Timer.xcdatamodeld in Sources */,
				78458D8625D4AD0E0064DDBB /* GraphView.swift in Sources */,
				78458D9525D570C90064DDBB /* 3x3Visualizer.swift in Sources */,
				784070C725CDC75500DB81CA /* ScrambleGenerator.swift in Sources */,
				78540DD525C8A8C300D0FEE4 /* Rubiks_Cube_TimerApp.swift in Sources */,
				78E6032E25D9C018007462E8 /* SessionAdder.swift in Sources */,
				7857B90225D724760049BA54 /* Rubiks_Cube_Timer_Widget.intentdefinition in Sources */,
				787677E825CB892300DF38A7 /* PersistenceController.swift in Sources */,
				78458D6225D474EA0064DDBB /* SessionCubeSelector.swift in Sources */,
				784D54C326AA6DF500884C3D /* FancyModalStyle.swift in Sources */,
			);
			runOnlyForDeploymentPostprocessing = 0;
		};
		78540DDE25C8A8C500D0FEE4 /* Sources */ = {
			isa = PBXSourcesBuildPhase;
			buildActionMask = 2147483647;
			files = (
				78540DE725C8A8C500D0FEE4 /* Rubiks_Cube_TimerTests.swift in Sources */,
			);
			runOnlyForDeploymentPostprocessing = 0;
		};
		78540DE925C8A8C500D0FEE4 /* Sources */ = {
			isa = PBXSourcesBuildPhase;
			buildActionMask = 2147483647;
			files = (
				78540DF225C8A8C500D0FEE4 /* Rubiks_Cube_TimerUITests.swift in Sources */,
			);
			runOnlyForDeploymentPostprocessing = 0;
		};
		7857B8F025D724750049BA54 /* Sources */ = {
			isa = PBXSourcesBuildPhase;
			buildActionMask = 2147483647;
			files = (
				7857B8FC25D724750049BA54 /* Rubiks_Cube_Timer_Widget.swift in Sources */,
				7857B90F25D72E7B0049BA54 /* Timer.xcdatamodeld in Sources */,
				7857B90125D724760049BA54 /* Rubiks_Cube_Timer_Widget.intentdefinition in Sources */,
			);
			runOnlyForDeploymentPostprocessing = 0;
		};
/* End PBXSourcesBuildPhase section */

/* Begin PBXTargetDependency section */
		78540DE425C8A8C500D0FEE4 /* PBXTargetDependency */ = {
			isa = PBXTargetDependency;
			target = 78540DD025C8A8C300D0FEE4 /* Rubiks Cube Timer */;
			targetProxy = 78540DE325C8A8C500D0FEE4 /* PBXContainerItemProxy */;
		};
		78540DEF25C8A8C500D0FEE4 /* PBXTargetDependency */ = {
			isa = PBXTargetDependency;
			target = 78540DD025C8A8C300D0FEE4 /* Rubiks Cube Timer */;
			targetProxy = 78540DEE25C8A8C500D0FEE4 /* PBXContainerItemProxy */;
		};
		7857B90425D724760049BA54 /* PBXTargetDependency */ = {
			isa = PBXTargetDependency;
			target = 7857B8F325D724750049BA54 /* Rubiks Cube Timer WidgetExtension */;
			targetProxy = 7857B90325D724760049BA54 /* PBXContainerItemProxy */;
		};
/* End PBXTargetDependency section */

/* Begin XCBuildConfiguration section */
		78540DF425C8A8C500D0FEE4 /* Debug */ = {
			isa = XCBuildConfiguration;
			buildSettings = {
				ALWAYS_SEARCH_USER_PATHS = NO;
				CLANG_ANALYZER_NONNULL = YES;
				CLANG_ANALYZER_NUMBER_OBJECT_CONVERSION = YES_AGGRESSIVE;
				CLANG_CXX_LANGUAGE_STANDARD = "gnu++14";
				CLANG_CXX_LIBRARY = "libc++";
				CLANG_ENABLE_MODULES = YES;
				CLANG_ENABLE_OBJC_ARC = YES;
				CLANG_ENABLE_OBJC_WEAK = YES;
				CLANG_WARN_BLOCK_CAPTURE_AUTORELEASING = YES;
				CLANG_WARN_BOOL_CONVERSION = YES;
				CLANG_WARN_COMMA = YES;
				CLANG_WARN_CONSTANT_CONVERSION = YES;
				CLANG_WARN_DEPRECATED_OBJC_IMPLEMENTATIONS = YES;
				CLANG_WARN_DIRECT_OBJC_ISA_USAGE = YES_ERROR;
				CLANG_WARN_DOCUMENTATION_COMMENTS = YES;
				CLANG_WARN_EMPTY_BODY = YES;
				CLANG_WARN_ENUM_CONVERSION = YES;
				CLANG_WARN_INFINITE_RECURSION = YES;
				CLANG_WARN_INT_CONVERSION = YES;
				CLANG_WARN_NON_LITERAL_NULL_CONVERSION = YES;
				CLANG_WARN_OBJC_IMPLICIT_RETAIN_SELF = YES;
				CLANG_WARN_OBJC_LITERAL_CONVERSION = YES;
				CLANG_WARN_OBJC_ROOT_CLASS = YES_ERROR;
				CLANG_WARN_QUOTED_INCLUDE_IN_FRAMEWORK_HEADER = YES;
				CLANG_WARN_RANGE_LOOP_ANALYSIS = YES;
				CLANG_WARN_STRICT_PROTOTYPES = YES;
				CLANG_WARN_SUSPICIOUS_MOVE = YES;
				CLANG_WARN_UNGUARDED_AVAILABILITY = YES_AGGRESSIVE;
				CLANG_WARN_UNREACHABLE_CODE = YES;
				CLANG_WARN__DUPLICATE_METHOD_MATCH = YES;
				COPY_PHASE_STRIP = NO;
				DEBUG_INFORMATION_FORMAT = dwarf;
				ENABLE_STRICT_OBJC_MSGSEND = YES;
				ENABLE_TESTABILITY = YES;
				GCC_C_LANGUAGE_STANDARD = gnu11;
				GCC_DYNAMIC_NO_PIC = NO;
				GCC_NO_COMMON_BLOCKS = YES;
				GCC_OPTIMIZATION_LEVEL = 0;
				GCC_PREPROCESSOR_DEFINITIONS = (
					"DEBUG=1",
					"$(inherited)",
				);
				GCC_WARN_64_TO_32_BIT_CONVERSION = YES;
				GCC_WARN_ABOUT_RETURN_TYPE = YES_ERROR;
				GCC_WARN_UNDECLARED_SELECTOR = YES;
				GCC_WARN_UNINITIALIZED_AUTOS = YES_AGGRESSIVE;
				GCC_WARN_UNUSED_FUNCTION = YES;
				GCC_WARN_UNUSED_VARIABLE = YES;
				IPHONEOS_DEPLOYMENT_TARGET = 14.4;
				MTL_ENABLE_DEBUG_INFO = INCLUDE_SOURCE;
				MTL_FAST_MATH = YES;
				ONLY_ACTIVE_ARCH = YES;
				SDKROOT = iphoneos;
				SWIFT_ACTIVE_COMPILATION_CONDITIONS = DEBUG;
				SWIFT_OPTIMIZATION_LEVEL = "-Onone";
			};
			name = Debug;
		};
		78540DF525C8A8C500D0FEE4 /* Release */ = {
			isa = XCBuildConfiguration;
			buildSettings = {
				ALWAYS_SEARCH_USER_PATHS = NO;
				CLANG_ANALYZER_NONNULL = YES;
				CLANG_ANALYZER_NUMBER_OBJECT_CONVERSION = YES_AGGRESSIVE;
				CLANG_CXX_LANGUAGE_STANDARD = "gnu++14";
				CLANG_CXX_LIBRARY = "libc++";
				CLANG_ENABLE_MODULES = YES;
				CLANG_ENABLE_OBJC_ARC = YES;
				CLANG_ENABLE_OBJC_WEAK = YES;
				CLANG_WARN_BLOCK_CAPTURE_AUTORELEASING = YES;
				CLANG_WARN_BOOL_CONVERSION = YES;
				CLANG_WARN_COMMA = YES;
				CLANG_WARN_CONSTANT_CONVERSION = YES;
				CLANG_WARN_DEPRECATED_OBJC_IMPLEMENTATIONS = YES;
				CLANG_WARN_DIRECT_OBJC_ISA_USAGE = YES_ERROR;
				CLANG_WARN_DOCUMENTATION_COMMENTS = YES;
				CLANG_WARN_EMPTY_BODY = YES;
				CLANG_WARN_ENUM_CONVERSION = YES;
				CLANG_WARN_INFINITE_RECURSION = YES;
				CLANG_WARN_INT_CONVERSION = YES;
				CLANG_WARN_NON_LITERAL_NULL_CONVERSION = YES;
				CLANG_WARN_OBJC_IMPLICIT_RETAIN_SELF = YES;
				CLANG_WARN_OBJC_LITERAL_CONVERSION = YES;
				CLANG_WARN_OBJC_ROOT_CLASS = YES_ERROR;
				CLANG_WARN_QUOTED_INCLUDE_IN_FRAMEWORK_HEADER = YES;
				CLANG_WARN_RANGE_LOOP_ANALYSIS = YES;
				CLANG_WARN_STRICT_PROTOTYPES = YES;
				CLANG_WARN_SUSPICIOUS_MOVE = YES;
				CLANG_WARN_UNGUARDED_AVAILABILITY = YES_AGGRESSIVE;
				CLANG_WARN_UNREACHABLE_CODE = YES;
				CLANG_WARN__DUPLICATE_METHOD_MATCH = YES;
				COPY_PHASE_STRIP = NO;
				DEBUG_INFORMATION_FORMAT = "dwarf-with-dsym";
				ENABLE_NS_ASSERTIONS = NO;
				ENABLE_STRICT_OBJC_MSGSEND = YES;
				GCC_C_LANGUAGE_STANDARD = gnu11;
				GCC_NO_COMMON_BLOCKS = YES;
				GCC_WARN_64_TO_32_BIT_CONVERSION = YES;
				GCC_WARN_ABOUT_RETURN_TYPE = YES_ERROR;
				GCC_WARN_UNDECLARED_SELECTOR = YES;
				GCC_WARN_UNINITIALIZED_AUTOS = YES_AGGRESSIVE;
				GCC_WARN_UNUSED_FUNCTION = YES;
				GCC_WARN_UNUSED_VARIABLE = YES;
				IPHONEOS_DEPLOYMENT_TARGET = 14.4;
				MTL_ENABLE_DEBUG_INFO = NO;
				MTL_FAST_MATH = YES;
				SDKROOT = iphoneos;
				SWIFT_COMPILATION_MODE = wholemodule;
				SWIFT_OPTIMIZATION_LEVEL = "-O";
				VALIDATE_PRODUCT = YES;
			};
			name = Release;
		};
		78540DF725C8A8C500D0FEE4 /* Debug */ = {
			isa = XCBuildConfiguration;
			buildSettings = {
				ALWAYS_EMBED_SWIFT_STANDARD_LIBRARIES = YES;
				ASSETCATALOG_COMPILER_APPICON_NAME = AppIcon;
				ASSETCATALOG_COMPILER_GLOBAL_ACCENT_COLOR_NAME = AccentColor;
				CODE_SIGN_ENTITLEMENTS = "Rubiks Cube Timer/Rubiks Cube Timer.entitlements";
				CODE_SIGN_STYLE = Automatic;
				DEVELOPMENT_ASSET_PATHS = "\"Rubiks Cube Timer/Preview Content\"";
				DEVELOPMENT_TEAM = N9JN6V2956;
				ENABLE_PREVIEWS = YES;
				INFOPLIST_FILE = "Rubiks Cube Timer/Info.plist";
				IPHONEOS_DEPLOYMENT_TARGET = 14.0;
				LD_RUNPATH_SEARCH_PATHS = (
					"$(inherited)",
					"@executable_path/Frameworks",
				);
				PRODUCT_BUNDLE_IDENTIFIER = "dev.havish.Rubiks-Cube-Timer";
				PRODUCT_NAME = "$(TARGET_NAME)";
				SUPPORTS_MACCATALYST = NO;
				SWIFT_VERSION = 5.0;
				TARGETED_DEVICE_FAMILY = "1,2";
			};
			name = Debug;
		};
		78540DF825C8A8C500D0FEE4 /* Release */ = {
			isa = XCBuildConfiguration;
			buildSettings = {
				ALWAYS_EMBED_SWIFT_STANDARD_LIBRARIES = YES;
				ASSETCATALOG_COMPILER_APPICON_NAME = AppIcon;
				ASSETCATALOG_COMPILER_GLOBAL_ACCENT_COLOR_NAME = AccentColor;
				CODE_SIGN_ENTITLEMENTS = "Rubiks Cube Timer/Rubiks Cube Timer.entitlements";
				CODE_SIGN_STYLE = Automatic;
				DEVELOPMENT_ASSET_PATHS = "\"Rubiks Cube Timer/Preview Content\"";
				DEVELOPMENT_TEAM = N9JN6V2956;
				ENABLE_PREVIEWS = YES;
				INFOPLIST_FILE = "Rubiks Cube Timer/Info.plist";
				IPHONEOS_DEPLOYMENT_TARGET = 14.0;
				LD_RUNPATH_SEARCH_PATHS = (
					"$(inherited)",
					"@executable_path/Frameworks",
				);
				PRODUCT_BUNDLE_IDENTIFIER = "dev.havish.Rubiks-Cube-Timer";
				PRODUCT_NAME = "$(TARGET_NAME)";
				SUPPORTS_MACCATALYST = NO;
				SWIFT_VERSION = 5.0;
				TARGETED_DEVICE_FAMILY = "1,2";
			};
			name = Release;
		};
		78540DFA25C8A8C500D0FEE4 /* Debug */ = {
			isa = XCBuildConfiguration;
			buildSettings = {
				ALWAYS_EMBED_SWIFT_STANDARD_LIBRARIES = YES;
				BUNDLE_LOADER = "$(TEST_HOST)";
				CODE_SIGN_STYLE = Automatic;
				DEVELOPMENT_TEAM = N9JN6V2956;
				INFOPLIST_FILE = "Rubiks Cube TimerTests/Info.plist";
				IPHONEOS_DEPLOYMENT_TARGET = 14.0;
				LD_RUNPATH_SEARCH_PATHS = (
					"$(inherited)",
					"@executable_path/Frameworks",
					"@loader_path/Frameworks",
				);
				PRODUCT_BUNDLE_IDENTIFIER = "dev.havish.Rubiks-Cube-TimerTests";
				PRODUCT_NAME = "$(TARGET_NAME)";
				SWIFT_VERSION = 5.0;
				TARGETED_DEVICE_FAMILY = "1,2";
				TEST_HOST = "$(BUILT_PRODUCTS_DIR)/Rubiks Cube Timer.app/Rubiks Cube Timer";
			};
			name = Debug;
		};
		78540DFB25C8A8C500D0FEE4 /* Release */ = {
			isa = XCBuildConfiguration;
			buildSettings = {
				ALWAYS_EMBED_SWIFT_STANDARD_LIBRARIES = YES;
				BUNDLE_LOADER = "$(TEST_HOST)";
				CODE_SIGN_STYLE = Automatic;
				DEVELOPMENT_TEAM = N9JN6V2956;
				INFOPLIST_FILE = "Rubiks Cube TimerTests/Info.plist";
				IPHONEOS_DEPLOYMENT_TARGET = 14.0;
				LD_RUNPATH_SEARCH_PATHS = (
					"$(inherited)",
					"@executable_path/Frameworks",
					"@loader_path/Frameworks",
				);
				PRODUCT_BUNDLE_IDENTIFIER = "dev.havish.Rubiks-Cube-TimerTests";
				PRODUCT_NAME = "$(TARGET_NAME)";
				SWIFT_VERSION = 5.0;
				TARGETED_DEVICE_FAMILY = "1,2";
				TEST_HOST = "$(BUILT_PRODUCTS_DIR)/Rubiks Cube Timer.app/Rubiks Cube Timer";
			};
			name = Release;
		};
		78540DFD25C8A8C500D0FEE4 /* Debug */ = {
			isa = XCBuildConfiguration;
			buildSettings = {
				ALWAYS_EMBED_SWIFT_STANDARD_LIBRARIES = YES;
				CODE_SIGN_STYLE = Automatic;
				DEVELOPMENT_TEAM = N9JN6V2956;
				INFOPLIST_FILE = "Rubiks Cube TimerUITests/Info.plist";
				LD_RUNPATH_SEARCH_PATHS = (
					"$(inherited)",
					"@executable_path/Frameworks",
					"@loader_path/Frameworks",
				);
				PRODUCT_BUNDLE_IDENTIFIER = "dev.havish.Rubiks-Cube-TimerUITests";
				PRODUCT_NAME = "$(TARGET_NAME)";
				SWIFT_VERSION = 5.0;
				TARGETED_DEVICE_FAMILY = "1,2";
				TEST_TARGET_NAME = "Rubiks Cube Timer";
			};
			name = Debug;
		};
		78540DFE25C8A8C500D0FEE4 /* Release */ = {
			isa = XCBuildConfiguration;
			buildSettings = {
				ALWAYS_EMBED_SWIFT_STANDARD_LIBRARIES = YES;
				CODE_SIGN_STYLE = Automatic;
				DEVELOPMENT_TEAM = N9JN6V2956;
				INFOPLIST_FILE = "Rubiks Cube TimerUITests/Info.plist";
				LD_RUNPATH_SEARCH_PATHS = (
					"$(inherited)",
					"@executable_path/Frameworks",
					"@loader_path/Frameworks",
				);
				PRODUCT_BUNDLE_IDENTIFIER = "dev.havish.Rubiks-Cube-TimerUITests";
				PRODUCT_NAME = "$(TARGET_NAME)";
				SWIFT_VERSION = 5.0;
				TARGETED_DEVICE_FAMILY = "1,2";
				TEST_TARGET_NAME = "Rubiks Cube Timer";
			};
			name = Release;
		};
		7857B90725D724760049BA54 /* Debug */ = {
			isa = XCBuildConfiguration;
			buildSettings = {
				ASSETCATALOG_COMPILER_GLOBAL_ACCENT_COLOR_NAME = AccentColor;
				ASSETCATALOG_COMPILER_WIDGET_BACKGROUND_COLOR_NAME = WidgetBackground;
				CODE_SIGN_ENTITLEMENTS = "Rubiks Cube Timer WidgetExtension.entitlements";
				CODE_SIGN_STYLE = Automatic;
				DEVELOPMENT_TEAM = N9JN6V2956;
				INFOPLIST_FILE = "Rubiks Cube Timer Widget/Info.plist";
				LD_RUNPATH_SEARCH_PATHS = (
					"$(inherited)",
					"@executable_path/Frameworks",
					"@executable_path/../../Frameworks",
				);
				PRODUCT_BUNDLE_IDENTIFIER = "dev.havish.Rubiks-Cube-Timer.Rubiks-Cube-Timer-Widget";
				PRODUCT_NAME = "$(TARGET_NAME)";
				SKIP_INSTALL = YES;
				SUPPORTS_MACCATALYST = NO;
				SWIFT_VERSION = 5.0;
				TARGETED_DEVICE_FAMILY = "1,2";
			};
			name = Debug;
		};
		7857B90825D724760049BA54 /* Release */ = {
			isa = XCBuildConfiguration;
			buildSettings = {
				ASSETCATALOG_COMPILER_GLOBAL_ACCENT_COLOR_NAME = AccentColor;
				ASSETCATALOG_COMPILER_WIDGET_BACKGROUND_COLOR_NAME = WidgetBackground;
				CODE_SIGN_ENTITLEMENTS = "Rubiks Cube Timer WidgetExtension.entitlements";
				CODE_SIGN_STYLE = Automatic;
				DEVELOPMENT_TEAM = N9JN6V2956;
				INFOPLIST_FILE = "Rubiks Cube Timer Widget/Info.plist";
				LD_RUNPATH_SEARCH_PATHS = (
					"$(inherited)",
					"@executable_path/Frameworks",
					"@executable_path/../../Frameworks",
				);
				PRODUCT_BUNDLE_IDENTIFIER = "dev.havish.Rubiks-Cube-Timer.Rubiks-Cube-Timer-Widget";
				PRODUCT_NAME = "$(TARGET_NAME)";
				SKIP_INSTALL = YES;
				SUPPORTS_MACCATALYST = NO;
				SWIFT_VERSION = 5.0;
				TARGETED_DEVICE_FAMILY = "1,2";
			};
			name = Release;
		};
/* End XCBuildConfiguration section */

/* Begin XCConfigurationList section */
		78540DCC25C8A8C300D0FEE4 /* Build configuration list for PBXProject "Rubiks Cube Timer" */ = {
			isa = XCConfigurationList;
			buildConfigurations = (
				78540DF425C8A8C500D0FEE4 /* Debug */,
				78540DF525C8A8C500D0FEE4 /* Release */,
			);
			defaultConfigurationIsVisible = 0;
			defaultConfigurationName = Release;
		};
		78540DF625C8A8C500D0FEE4 /* Build configuration list for PBXNativeTarget "Rubiks Cube Timer" */ = {
			isa = XCConfigurationList;
			buildConfigurations = (
				78540DF725C8A8C500D0FEE4 /* Debug */,
				78540DF825C8A8C500D0FEE4 /* Release */,
			);
			defaultConfigurationIsVisible = 0;
			defaultConfigurationName = Release;
		};
		78540DF925C8A8C500D0FEE4 /* Build configuration list for PBXNativeTarget "Rubiks Cube TimerTests" */ = {
			isa = XCConfigurationList;
			buildConfigurations = (
				78540DFA25C8A8C500D0FEE4 /* Debug */,
				78540DFB25C8A8C500D0FEE4 /* Release */,
			);
			defaultConfigurationIsVisible = 0;
			defaultConfigurationName = Release;
		};
		78540DFC25C8A8C500D0FEE4 /* Build configuration list for PBXNativeTarget "Rubiks Cube TimerUITests" */ = {
			isa = XCConfigurationList;
			buildConfigurations = (
				78540DFD25C8A8C500D0FEE4 /* Debug */,
				78540DFE25C8A8C500D0FEE4 /* Release */,
			);
			defaultConfigurationIsVisible = 0;
			defaultConfigurationName = Release;
		};
		7857B90625D724760049BA54 /* Build configuration list for PBXNativeTarget "Rubiks Cube Timer WidgetExtension" */ = {
			isa = XCConfigurationList;
			buildConfigurations = (
				7857B90725D724760049BA54 /* Debug */,
				7857B90825D724760049BA54 /* Release */,
			);
			defaultConfigurationIsVisible = 0;
			defaultConfigurationName = Release;
		};
/* End XCConfigurationList section */

/* Begin XCRemoteSwiftPackageReference section */
		7815110025D5F4D900FA9C1D /* XCRemoteSwiftPackageReference "SwiftEntryKit" */ = {
			isa = XCRemoteSwiftPackageReference;
			repositoryURL = "https://github.com/huri000/SwiftEntryKit";
			requirement = {
				kind = upToNextMajorVersion;
				minimumVersion = 1.2.7;
			};
		};
		78458D7225D48F3F0064DDBB /* XCRemoteSwiftPackageReference "PopupView" */ = {
			isa = XCRemoteSwiftPackageReference;
			repositoryURL = "https://github.com/exyte/PopupView.git";
			requirement = {
				kind = upToNextMajorVersion;
				minimumVersion = 0.0.11;
			};
		};
		78458D7825D49A0C0064DDBB /* XCRemoteSwiftPackageReference "BulletinBoard" */ = {
			isa = XCRemoteSwiftPackageReference;
			repositoryURL = "https://github.com/alexisakers/BulletinBoard";
			requirement = {
				kind = upToNextMajorVersion;
				minimumVersion = 5.0.0;
			};
		};
		78458D7E25D49DB30064DDBB /* XCRemoteSwiftPackageReference "SSToastMessage" */ = {
			isa = XCRemoteSwiftPackageReference;
			repositoryURL = "https://github.com/SimformSolutionsPvtLtd/SSToastMessage";
			requirement = {
				kind = upToNextMajorVersion;
				minimumVersion = 1.0.0;
			};
		};
		78458D8D25D4AD2A0064DDBB /* XCRemoteSwiftPackageReference "ChartView" */ = {
			isa = XCRemoteSwiftPackageReference;
			repositoryURL = "https://github.com/AppPear/ChartView";
			requirement = {
				kind = upToNextMajorVersion;
				minimumVersion = 1.5.4;
			};
		};
		784D54BF26AA093500884C3D /* XCRemoteSwiftPackageReference "CustomModalView" */ = {
			isa = XCRemoteSwiftPackageReference;
			repositoryURL = "https://github.com/jankaltoun/CustomModalView";
			requirement = {
				kind = upToNextMajorVersion;
				minimumVersion = 1.0.0;
			};
		};
		785FB61525D1DD6D009EC3F6 /* XCRemoteSwiftPackageReference "PartialSheet" */ = {
			isa = XCRemoteSwiftPackageReference;
			repositoryURL = "https://github.com/AndreaMiotto/PartialSheet.git";
			requirement = {
				kind = upToNextMajorVersion;
				minimumVersion = 2.1.11;
			};
		};
		785FB61B25D20C55009EC3F6 /* XCRemoteSwiftPackageReference "neumorphic" */ = {
			isa = XCRemoteSwiftPackageReference;
			repositoryURL = "https://github.com/costachung/neumorphic.git";
			requirement = {
				kind = upToNextMajorVersion;
				minimumVersion = 1.2.6;
			};
		};
		78E6033325D9CEFE007462E8 /* XCRemoteSwiftPackageReference "SPAlert" */ = {
			isa = XCRemoteSwiftPackageReference;
			repositoryURL = "https://github.com/varabeis/SPAlert";
			requirement = {
				kind = upToNextMajorVersion;
				minimumVersion = 3.0.3;
			};
		};
/* End XCRemoteSwiftPackageReference section */

/* Begin XCSwiftPackageProductDependency section */
		7815110125D5F4D900FA9C1D /* SwiftEntryKit */ = {
			isa = XCSwiftPackageProductDependency;
			package = 7815110025D5F4D900FA9C1D /* XCRemoteSwiftPackageReference "SwiftEntryKit" */;
			productName = SwiftEntryKit;
		};
		78458D7325D48F3F0064DDBB /* PopupView */ = {
			isa = XCSwiftPackageProductDependency;
			package = 78458D7225D48F3F0064DDBB /* XCRemoteSwiftPackageReference "PopupView" */;
			productName = PopupView;
		};
		78458D7925D49A0C0064DDBB /* BLTNBoard */ = {
			isa = XCSwiftPackageProductDependency;
			package = 78458D7825D49A0C0064DDBB /* XCRemoteSwiftPackageReference "BulletinBoard" */;
			productName = BLTNBoard;
		};
		78458D7F25D49DB30064DDBB /* SSToastMessage */ = {
			isa = XCSwiftPackageProductDependency;
			package = 78458D7E25D49DB30064DDBB /* XCRemoteSwiftPackageReference "SSToastMessage" */;
			productName = SSToastMessage;
		};
		78458D8E25D4AD2A0064DDBB /* SwiftUICharts */ = {
			isa = XCSwiftPackageProductDependency;
			package = 78458D8D25D4AD2A0064DDBB /* XCRemoteSwiftPackageReference "ChartView" */;
			productName = SwiftUICharts;
		};
		784D54C026AA093500884C3D /* CustomModalView */ = {
			isa = XCSwiftPackageProductDependency;
			package = 784D54BF26AA093500884C3D /* XCRemoteSwiftPackageReference "CustomModalView" */;
			productName = CustomModalView;
		};
		785FB61625D1DD6D009EC3F6 /* PartialSheet */ = {
			isa = XCSwiftPackageProductDependency;
			package = 785FB61525D1DD6D009EC3F6 /* XCRemoteSwiftPackageReference "PartialSheet" */;
			productName = PartialSheet;
		};
		785FB61C25D20C55009EC3F6 /* Neumorphic */ = {
			isa = XCSwiftPackageProductDependency;
			package = 785FB61B25D20C55009EC3F6 /* XCRemoteSwiftPackageReference "neumorphic" */;
			productName = Neumorphic;
		};
		78E6033425D9CEFE007462E8 /* SPAlert */ = {
			isa = XCSwiftPackageProductDependency;
			package = 78E6033325D9CEFE007462E8 /* XCRemoteSwiftPackageReference "SPAlert" */;
			productName = SPAlert;
		};
/* End XCSwiftPackageProductDependency section */

/* Begin XCVersionGroup section */
		787677DE25CB887700DF38A7 /* Timer.xcdatamodeld */ = {
			isa = XCVersionGroup;
			children = (
				787677DF25CB887700DF38A7 /* Solve.xcdatamodel */,
			);
			currentVersion = 787677DF25CB887700DF38A7 /* Solve.xcdatamodel */;
			path = Timer.xcdatamodeld;
			sourceTree = "<group>";
			versionGroupType = wrapper.xcdatamodel;
		};
/* End XCVersionGroup section */
	};
	rootObject = 78540DC925C8A8C300D0FEE4 /* Project object */;
}
