// !$*UTF8*$!
{
	archiveVersion = 1;
	classes = {
	};
	objectVersion = 52;
	objects = {

/* Begin PBXBuildFile section */
		784070B725CD88D700DB81CA /* CubePicker.swift in Sources */ = {isa = PBXBuildFile; fileRef = 784070B625CD88D700DB81CA /* CubePicker.swift */; };
		784070BC25CDBD3500DB81CA /* Scrambler.swift in Sources */ = {isa = PBXBuildFile; fileRef = 784070BB25CDBD3500DB81CA /* Scrambler.swift */; };
		784070C725CDC75500DB81CA /* ScrambleGenerator.swift in Sources */ = {isa = PBXBuildFile; fileRef = 784070C625CDC75500DB81CA /* ScrambleGenerator.swift */; };
		78458D5D25D456ED0064DDBB /* CubePickerButton.swift in Sources */ = {isa = PBXBuildFile; fileRef = 78458D5C25D456ED0064DDBB /* CubePickerButton.swift */; };
		78458D6225D474EA0064DDBB /* SessionSelector.swift in Sources */ = {isa = PBXBuildFile; fileRef = 78458D6125D474EA0064DDBB /* SessionSelector.swift */; };
		78540DD525C8A8C300D0FEE4 /* Rubiks_Cube_TimerApp.swift in Sources */ = {isa = PBXBuildFile; fileRef = 78540DD425C8A8C300D0FEE4 /* Rubiks_Cube_TimerApp.swift */; };
		78540DD725C8A8C300D0FEE4 /* ContentView.swift in Sources */ = {isa = PBXBuildFile; fileRef = 78540DD625C8A8C300D0FEE4 /* ContentView.swift */; };
		78540DD925C8A8C500D0FEE4 /* Assets.xcassets in Resources */ = {isa = PBXBuildFile; fileRef = 78540DD825C8A8C500D0FEE4 /* Assets.xcassets */; };
		78540DDC25C8A8C500D0FEE4 /* Preview Assets.xcassets in Resources */ = {isa = PBXBuildFile; fileRef = 78540DDB25C8A8C500D0FEE4 /* Preview Assets.xcassets */; };
		78540DE725C8A8C500D0FEE4 /* Rubiks_Cube_TimerTests.swift in Sources */ = {isa = PBXBuildFile; fileRef = 78540DE625C8A8C500D0FEE4 /* Rubiks_Cube_TimerTests.swift */; };
		78540DF225C8A8C500D0FEE4 /* Rubiks_Cube_TimerUITests.swift in Sources */ = {isa = PBXBuildFile; fileRef = 78540DF125C8A8C500D0FEE4 /* Rubiks_Cube_TimerUITests.swift */; };
		78540E0425C8AAC700D0FEE4 /* TimerView.swift in Sources */ = {isa = PBXBuildFile; fileRef = 78540E0325C8AAC700D0FEE4 /* TimerView.swift */; };
		78540E1225C8BE0800D0FEE4 /* TimerManager.swift in Sources */ = {isa = PBXBuildFile; fileRef = 78540E1125C8BE0800D0FEE4 /* TimerManager.swift */; };
		785FB61725D1DD6D009EC3F6 /* PartialSheet in Frameworks */ = {isa = PBXBuildFile; productRef = 785FB61625D1DD6D009EC3F6 /* PartialSheet */; };
		785FB61D25D20C55009EC3F6 /* Neumorphic in Frameworks */ = {isa = PBXBuildFile; productRef = 785FB61C25D20C55009EC3F6 /* Neumorphic */; };
		787677E025CB887700DF38A7 /* Timer.xcdatamodeld in Sources */ = {isa = PBXBuildFile; fileRef = 787677DE25CB887700DF38A7 /* Timer.xcdatamodeld */; };
		787677E825CB892300DF38A7 /* PersistenceController.swift in Sources */ = {isa = PBXBuildFile; fileRef = 787677E725CB892300DF38A7 /* PersistenceController.swift */; };
		787677F125CB9ADB00DF38A7 /* Solves.swift in Sources */ = {isa = PBXBuildFile; fileRef = 787677F025CB9ADB00DF38A7 /* Solves.swift */; };
		787677F925CB9B1100DF38A7 /* SolveRow.swift in Sources */ = {isa = PBXBuildFile; fileRef = 787677F825CB9B1100DF38A7 /* SolveRow.swift */; };
/* End PBXBuildFile section */

/* Begin PBXContainerItemProxy section */
		78540DE325C8A8C500D0FEE4 /* PBXContainerItemProxy */ = {
			isa = PBXContainerItemProxy;
			containerPortal = 78540DC925C8A8C300D0FEE4 /* Project object */;
			proxyType = 1;
			remoteGlobalIDString = 78540DD025C8A8C300D0FEE4;
			remoteInfo = "Rubiks Cube Timer";
		};
		78540DEE25C8A8C500D0FEE4 /* PBXContainerItemProxy */ = {
			isa = PBXContainerItemProxy;
			containerPortal = 78540DC925C8A8C300D0FEE4 /* Project object */;
			proxyType = 1;
			remoteGlobalIDString = 78540DD025C8A8C300D0FEE4;
			remoteInfo = "Rubiks Cube Timer";
		};
/* End PBXContainerItemProxy section */

/* Begin PBXFileReference section */
		784070B625CD88D700DB81CA /* CubePicker.swift */ = {isa = PBXFileReference; lastKnownFileType = sourcecode.swift; path = CubePicker.swift; sourceTree = "<group>"; };
		784070BB25CDBD3500DB81CA /* Scrambler.swift */ = {isa = PBXFileReference; lastKnownFileType = sourcecode.swift; path = Scrambler.swift; sourceTree = "<group>"; };
		784070C625CDC75500DB81CA /* ScrambleGenerator.swift */ = {isa = PBXFileReference; lastKnownFileType = sourcecode.swift; path = ScrambleGenerator.swift; sourceTree = "<group>"; };
		78458D5C25D456ED0064DDBB /* CubePickerButton.swift */ = {isa = PBXFileReference; lastKnownFileType = sourcecode.swift; path = CubePickerButton.swift; sourceTree = "<group>"; };
		78458D6125D474EA0064DDBB /* SessionSelector.swift */ = {isa = PBXFileReference; lastKnownFileType = sourcecode.swift; path = SessionSelector.swift; sourceTree = "<group>"; };
		78540DD125C8A8C300D0FEE4 /* Rubiks Cube Timer.app */ = {isa = PBXFileReference; explicitFileType = wrapper.application; includeInIndex = 0; path = "Rubiks Cube Timer.app"; sourceTree = BUILT_PRODUCTS_DIR; };
		78540DD425C8A8C300D0FEE4 /* Rubiks_Cube_TimerApp.swift */ = {isa = PBXFileReference; lastKnownFileType = sourcecode.swift; path = Rubiks_Cube_TimerApp.swift; sourceTree = "<group>"; };
		78540DD625C8A8C300D0FEE4 /* ContentView.swift */ = {isa = PBXFileReference; lastKnownFileType = sourcecode.swift; path = ContentView.swift; sourceTree = "<group>"; };
		78540DD825C8A8C500D0FEE4 /* Assets.xcassets */ = {isa = PBXFileReference; lastKnownFileType = folder.assetcatalog; path = Assets.xcassets; sourceTree = "<group>"; };
		78540DDB25C8A8C500D0FEE4 /* Preview Assets.xcassets */ = {isa = PBXFileReference; lastKnownFileType = folder.assetcatalog; path = "Preview Assets.xcassets"; sourceTree = "<group>"; };
		78540DDD25C8A8C500D0FEE4 /* Info.plist */ = {isa = PBXFileReference; lastKnownFileType = text.plist.xml; path = Info.plist; sourceTree = "<group>"; };
		78540DE225C8A8C500D0FEE4 /* Rubiks Cube TimerTests.xctest */ = {isa = PBXFileReference; explicitFileType = wrapper.cfbundle; includeInIndex = 0; path = "Rubiks Cube TimerTests.xctest"; sourceTree = BUILT_PRODUCTS_DIR; };
		78540DE625C8A8C500D0FEE4 /* Rubiks_Cube_TimerTests.swift */ = {isa = PBXFileReference; lastKnownFileType = sourcecode.swift; path = Rubiks_Cube_TimerTests.swift; sourceTree = "<group>"; };
		78540DE825C8A8C500D0FEE4 /* Info.plist */ = {isa = PBXFileReference; lastKnownFileType = text.plist.xml; path = Info.plist; sourceTree = "<group>"; };
		78540DED25C8A8C500D0FEE4 /* Rubiks Cube TimerUITests.xctest */ = {isa = PBXFileReference; explicitFileType = wrapper.cfbundle; includeInIndex = 0; path = "Rubiks Cube TimerUITests.xctest"; sourceTree = BUILT_PRODUCTS_DIR; };
		78540DF125C8A8C500D0FEE4 /* Rubiks_Cube_TimerUITests.swift */ = {isa = PBXFileReference; lastKnownFileType = sourcecode.swift; path = Rubiks_Cube_TimerUITests.swift; sourceTree = "<group>"; };
		78540DF325C8A8C500D0FEE4 /* Info.plist */ = {isa = PBXFileReference; lastKnownFileType = text.plist.xml; path = Info.plist; sourceTree = "<group>"; };
		78540E0325C8AAC700D0FEE4 /* TimerView.swift */ = {isa = PBXFileReference; lastKnownFileType = sourcecode.swift; path = TimerView.swift; sourceTree = "<group>"; };
		78540E1125C8BE0800D0FEE4 /* TimerManager.swift */ = {isa = PBXFileReference; lastKnownFileType = sourcecode.swift; path = TimerManager.swift; sourceTree = "<group>"; };
		787677DF25CB887700DF38A7 /* Solve.xcdatamodel */ = {isa = PBXFileReference; lastKnownFileType = wrapper.xcdatamodel; path = Solve.xcdatamodel; sourceTree = "<group>"; };
		787677E725CB892300DF38A7 /* PersistenceController.swift */ = {isa = PBXFileReference; lastKnownFileType = sourcecode.swift; path = PersistenceController.swift; sourceTree = "<group>"; };
		787677F025CB9ADB00DF38A7 /* Solves.swift */ = {isa = PBXFileReference; lastKnownFileType = sourcecode.swift; path = Solves.swift; sourceTree = "<group>"; };
		787677F825CB9B1100DF38A7 /* SolveRow.swift */ = {isa = PBXFileReference; lastKnownFileType = sourcecode.swift; path = SolveRow.swift; sourceTree = "<group>"; };
/* End PBXFileReference section */

/* Begin PBXFrameworksBuildPhase section */
		78540DCE25C8A8C300D0FEE4 /* Frameworks */ = {
			isa = PBXFrameworksBuildPhase;
			buildActionMask = 2147483647;
			files = (
				785FB61D25D20C55009EC3F6 /* Neumorphic in Frameworks */,
				785FB61725D1DD6D009EC3F6 /* PartialSheet in Frameworks */,
			);
			runOnlyForDeploymentPostprocessing = 0;
		};
		78540DDF25C8A8C500D0FEE4 /* Frameworks */ = {
			isa = PBXFrameworksBuildPhase;
			buildActionMask = 2147483647;
			files = (
			);
			runOnlyForDeploymentPostprocessing = 0;
		};
		78540DEA25C8A8C500D0FEE4 /* Frameworks */ = {
			isa = PBXFrameworksBuildPhase;
			buildActionMask = 2147483647;
			files = (
			);
			runOnlyForDeploymentPostprocessing = 0;
		};
/* End PBXFrameworksBuildPhase section */

/* Begin PBXGroup section */
		78540DC825C8A8C300D0FEE4 = {
			isa = PBXGroup;
			children = (
				78540DD325C8A8C300D0FEE4 /* Rubiks Cube Timer */,
				78540DE525C8A8C500D0FEE4 /* Rubiks Cube TimerTests */,
				78540DF025C8A8C500D0FEE4 /* Rubiks Cube TimerUITests */,
				78540DD225C8A8C300D0FEE4 /* Products */,
			);
			sourceTree = "<group>";
		};
		78540DD225C8A8C300D0FEE4 /* Products */ = {
			isa = PBXGroup;
			children = (
				78540DD125C8A8C300D0FEE4 /* Rubiks Cube Timer.app */,
				78540DE225C8A8C500D0FEE4 /* Rubiks Cube TimerTests.xctest */,
				78540DED25C8A8C500D0FEE4 /* Rubiks Cube TimerUITests.xctest */,
			);
			name = Products;
			sourceTree = "<group>";
		};
		78540DD325C8A8C300D0FEE4 /* Rubiks Cube Timer */ = {
			isa = PBXGroup;
			children = (
				787677EF25CB9AC900DF38A7 /* Log */,
				78540E0225C8A9D900D0FEE4 /* Timer */,
				78540DD425C8A8C300D0FEE4 /* Rubiks_Cube_TimerApp.swift */,
				78540DD625C8A8C300D0FEE4 /* ContentView.swift */,
				78540DD825C8A8C500D0FEE4 /* Assets.xcassets */,
				78540DDD25C8A8C500D0FEE4 /* Info.plist */,
				78540DDA25C8A8C500D0FEE4 /* Preview Content */,
				787677DE25CB887700DF38A7 /* Timer.xcdatamodeld */,
				787677E725CB892300DF38A7 /* PersistenceController.swift */,
			);
			path = "Rubiks Cube Timer";
			sourceTree = "<group>";
		};
		78540DDA25C8A8C500D0FEE4 /* Preview Content */ = {
			isa = PBXGroup;
			children = (
				78540DDB25C8A8C500D0FEE4 /* Preview Assets.xcassets */,
			);
			path = "Preview Content";
			sourceTree = "<group>";
		};
		78540DE525C8A8C500D0FEE4 /* Rubiks Cube TimerTests */ = {
			isa = PBXGroup;
			children = (
				78540DE625C8A8C500D0FEE4 /* Rubiks_Cube_TimerTests.swift */,
				78540DE825C8A8C500D0FEE4 /* Info.plist */,
			);
			path = "Rubiks Cube TimerTests";
			sourceTree = "<group>";
		};
		78540DF025C8A8C500D0FEE4 /* Rubiks Cube TimerUITests */ = {
			isa = PBXGroup;
			children = (
				78540DF125C8A8C500D0FEE4 /* Rubiks_Cube_TimerUITests.swift */,
				78540DF325C8A8C500D0FEE4 /* Info.plist */,
			);
			path = "Rubiks Cube TimerUITests";
			sourceTree = "<group>";
		};
		78540E0225C8A9D900D0FEE4 /* Timer */ = {
			isa = PBXGroup;
			children = (
				786C933025CB078F003470F3 /* Scramble */,
				78540E0325C8AAC700D0FEE4 /* TimerView.swift */,
				78540E1125C8BE0800D0FEE4 /* TimerManager.swift */,
				784070B625CD88D700DB81CA /* CubePicker.swift */,
				78458D5C25D456ED0064DDBB /* CubePickerButton.swift */,
				78458D6125D474EA0064DDBB /* SessionSelector.swift */,
			);
			path = Timer;
			sourceTree = "<group>";
		};
		786C933025CB078F003470F3 /* Scramble */ = {
			isa = PBXGroup;
			children = (
				784070BB25CDBD3500DB81CA /* Scrambler.swift */,
				784070C625CDC75500DB81CA /* ScrambleGenerator.swift */,
			);
			path = Scramble;
			sourceTree = "<group>";
		};
		787677EF25CB9AC900DF38A7 /* Log */ = {
			isa = PBXGroup;
			children = (
				787677F025CB9ADB00DF38A7 /* Solves.swift */,
				787677F825CB9B1100DF38A7 /* SolveRow.swift */,
			);
			path = Log;
			sourceTree = "<group>";
		};
/* End PBXGroup section */

/* Begin PBXNativeTarget section */
		78540DD025C8A8C300D0FEE4 /* Rubiks Cube Timer */ = {
			isa = PBXNativeTarget;
			buildConfigurationList = 78540DF625C8A8C500D0FEE4 /* Build configuration list for PBXNativeTarget "Rubiks Cube Timer" */;
			buildPhases = (
				78540DCD25C8A8C300D0FEE4 /* Sources */,
				78540DCE25C8A8C300D0FEE4 /* Frameworks */,
				78540DCF25C8A8C300D0FEE4 /* Resources */,
			);
			buildRules = (
			);
			dependencies = (
			);
			name = "Rubiks Cube Timer";
			packageProductDependencies = (
				785FB61625D1DD6D009EC3F6 /* PartialSheet */,
				785FB61C25D20C55009EC3F6 /* Neumorphic */,
			);
			productName = "Rubiks Cube Timer";
			productReference = 78540DD125C8A8C300D0FEE4 /* Rubiks Cube Timer.app */;
			productType = "com.apple.product-type.application";
		};
		78540DE125C8A8C500D0FEE4 /* Rubiks Cube TimerTests */ = {
			isa = PBXNativeTarget;
			buildConfigurationList = 78540DF925C8A8C500D0FEE4 /* Build configuration list for PBXNativeTarget "Rubiks Cube TimerTests" */;
			buildPhases = (
				78540DDE25C8A8C500D0FEE4 /* Sources */,
				78540DDF25C8A8C500D0FEE4 /* Frameworks */,
				78540DE025C8A8C500D0FEE4 /* Resources */,
			);
			buildRules = (
			);
			dependencies = (
				78540DE425C8A8C500D0FEE4 /* PBXTargetDependency */,
			);
			name = "Rubiks Cube TimerTests";
			productName = "Rubiks Cube TimerTests";
			productReference = 78540DE225C8A8C500D0FEE4 /* Rubiks Cube TimerTests.xctest */;
			productType = "com.apple.product-type.bundle.unit-test";
		};
		78540DEC25C8A8C500D0FEE4 /* Rubiks Cube TimerUITests */ = {
			isa = PBXNativeTarget;
			buildConfigurationList = 78540DFC25C8A8C500D0FEE4 /* Build configuration list for PBXNativeTarget "Rubiks Cube TimerUITests" */;
			buildPhases = (
				78540DE925C8A8C500D0FEE4 /* Sources */,
				78540DEA25C8A8C500D0FEE4 /* Frameworks */,
				78540DEB25C8A8C500D0FEE4 /* Resources */,
			);
			buildRules = (
			);
			dependencies = (
				78540DEF25C8A8C500D0FEE4 /* PBXTargetDependency */,
			);
			name = "Rubiks Cube TimerUITests";
			productName = "Rubiks Cube TimerUITests";
			productReference = 78540DED25C8A8C500D0FEE4 /* Rubiks Cube TimerUITests.xctest */;
			productType = "com.apple.product-type.bundle.ui-testing";
		};
/* End PBXNativeTarget section */

/* Begin PBXProject section */
		78540DC925C8A8C300D0FEE4 /* Project object */ = {
			isa = PBXProject;
			attributes = {
				LastSwiftUpdateCheck = 1240;
				LastUpgradeCheck = 1240;
				TargetAttributes = {
					78540DD025C8A8C300D0FEE4 = {
						CreatedOnToolsVersion = 12.4;
					};
					78540DE125C8A8C500D0FEE4 = {
						CreatedOnToolsVersion = 12.4;
						TestTargetID = 78540DD025C8A8C300D0FEE4;
					};
					78540DEC25C8A8C500D0FEE4 = {
						CreatedOnToolsVersion = 12.4;
						TestTargetID = 78540DD025C8A8C300D0FEE4;
					};
				};
			};
			buildConfigurationList = 78540DCC25C8A8C300D0FEE4 /* Build configuration list for PBXProject "Rubiks Cube Timer" */;
			compatibilityVersion = "Xcode 9.3";
			developmentRegion = en;
			hasScannedForEncodings = 0;
			knownRegions = (
				en,
				Base,
			);
			mainGroup = 78540DC825C8A8C300D0FEE4;
			packageReferences = (
				785FB61525D1DD6D009EC3F6 /* XCRemoteSwiftPackageReference "PartialSheet" */,
				785FB61B25D20C55009EC3F6 /* XCRemoteSwiftPackageReference "neumorphic" */,
			);
			productRefGroup = 78540DD225C8A8C300D0FEE4 /* Products */;
			projectDirPath = "";
			projectRoot = "";
			targets = (
				78540DD025C8A8C300D0FEE4 /* Rubiks Cube Timer */,
				78540DE125C8A8C500D0FEE4 /* Rubiks Cube TimerTests */,
				78540DEC25C8A8C500D0FEE4 /* Rubiks Cube TimerUITests */,
			);
		};
/* End PBXProject section */

/* Begin PBXResourcesBuildPhase section */
		78540DCF25C8A8C300D0FEE4 /* Resources */ = {
			isa = PBXResourcesBuildPhase;
			buildActionMask = 2147483647;
			files = (
				78540DDC25C8A8C500D0FEE4 /* Preview Assets.xcassets in Resources */,
				78540DD925C8A8C500D0FEE4 /* Assets.xcassets in Resources */,
			);
			runOnlyForDeploymentPostprocessing = 0;
		};
		78540DE025C8A8C500D0FEE4 /* Resources */ = {
			isa = PBXResourcesBuildPhase;
			buildActionMask = 2147483647;
			files = (
			);
			runOnlyForDeploymentPostprocessing = 0;
		};
		78540DEB25C8A8C500D0FEE4 /* Resources */ = {
			isa = PBXResourcesBuildPhase;
			buildActionMask = 2147483647;
			files = (
			);
			runOnlyForDeploymentPostprocessing = 0;
		};
/* End PBXResourcesBuildPhase section */

/* Begin PBXSourcesBuildPhase section */
		78540DCD25C8A8C300D0FEE4 /* Sources */ = {
			isa = PBXSourcesBuildPhase;
			buildActionMask = 2147483647;
			files = (
				784070B725CD88D700DB81CA /* CubePicker.swift in Sources */,
				78540E0425C8AAC700D0FEE4 /* TimerView.swift in Sources */,
				78458D5D25D456ED0064DDBB /* CubePickerButton.swift in Sources */,
				78540E1225C8BE0800D0FEE4 /* TimerManager.swift in Sources */,
				784070BC25CDBD3500DB81CA /* Scrambler.swift in Sources */,
				787677F125CB9ADB00DF38A7 /* Solves.swift in Sources */,
				787677F925CB9B1100DF38A7 /* SolveRow.swift in Sources */,
				78540DD725C8A8C300D0FEE4 /* ContentView.swift in Sources */,
				787677E025CB887700DF38A7 /* Timer.xcdatamodeld in Sources */,
				784070C725CDC75500DB81CA /* ScrambleGenerator.swift in Sources */,
				78540DD525C8A8C300D0FEE4 /* Rubiks_Cube_TimerApp.swift in Sources */,
				787677E825CB892300DF38A7 /* PersistenceController.swift in Sources */,
				78458D6225D474EA0064DDBB /* SessionSelector.swift in Sources */,
			);
			runOnlyForDeploymentPostprocessing = 0;
		};
		78540DDE25C8A8C500D0FEE4 /* Sources */ = {
			isa = PBXSourcesBuildPhase;
			buildActionMask = 2147483647;
			files = (
				78540DE725C8A8C500D0FEE4 /* Rubiks_Cube_TimerTests.swift in Sources */,
			);
			runOnlyForDeploymentPostprocessing = 0;
		};
		78540DE925C8A8C500D0FEE4 /* Sources */ = {
			isa = PBXSourcesBuildPhase;
			buildActionMask = 2147483647;
			files = (
				78540DF225C8A8C500D0FEE4 /* Rubiks_Cube_TimerUITests.swift in Sources */,
			);
			runOnlyForDeploymentPostprocessing = 0;
		};
/* End PBXSourcesBuildPhase section */

/* Begin PBXTargetDependency section */
		78540DE425C8A8C500D0FEE4 /* PBXTargetDependency */ = {
			isa = PBXTargetDependency;
			target = 78540DD025C8A8C300D0FEE4 /* Rubiks Cube Timer */;
			targetProxy = 78540DE325C8A8C500D0FEE4 /* PBXContainerItemProxy */;
		};
		78540DEF25C8A8C500D0FEE4 /* PBXTargetDependency */ = {
			isa = PBXTargetDependency;
			target = 78540DD025C8A8C300D0FEE4 /* Rubiks Cube Timer */;
			targetProxy = 78540DEE25C8A8C500D0FEE4 /* PBXContainerItemProxy */;
		};
/* End PBXTargetDependency section */

/* Begin XCBuildConfiguration section */
		78540DF425C8A8C500D0FEE4 /* Debug */ = {
			isa = XCBuildConfiguration;
			buildSettings = {
				ALWAYS_SEARCH_USER_PATHS = NO;
				CLANG_ANALYZER_NONNULL = YES;
				CLANG_ANALYZER_NUMBER_OBJECT_CONVERSION = YES_AGGRESSIVE;
				CLANG_CXX_LANGUAGE_STANDARD = "gnu++14";
				CLANG_CXX_LIBRARY = "libc++";
				CLANG_ENABLE_MODULES = YES;
				CLANG_ENABLE_OBJC_ARC = YES;
				CLANG_ENABLE_OBJC_WEAK = YES;
				CLANG_WARN_BLOCK_CAPTURE_AUTORELEASING = YES;
				CLANG_WARN_BOOL_CONVERSION = YES;
				CLANG_WARN_COMMA = YES;
				CLANG_WARN_CONSTANT_CONVERSION = YES;
				CLANG_WARN_DEPRECATED_OBJC_IMPLEMENTATIONS = YES;
				CLANG_WARN_DIRECT_OBJC_ISA_USAGE = YES_ERROR;
				CLANG_WARN_DOCUMENTATION_COMMENTS = YES;
				CLANG_WARN_EMPTY_BODY = YES;
				CLANG_WARN_ENUM_CONVERSION = YES;
				CLANG_WARN_INFINITE_RECURSION = YES;
				CLANG_WARN_INT_CONVERSION = YES;
				CLANG_WARN_NON_LITERAL_NULL_CONVERSION = YES;
				CLANG_WARN_OBJC_IMPLICIT_RETAIN_SELF = YES;
				CLANG_WARN_OBJC_LITERAL_CONVERSION = YES;
				CLANG_WARN_OBJC_ROOT_CLASS = YES_ERROR;
				CLANG_WARN_QUOTED_INCLUDE_IN_FRAMEWORK_HEADER = YES;
				CLANG_WARN_RANGE_LOOP_ANALYSIS = YES;
				CLANG_WARN_STRICT_PROTOTYPES = YES;
				CLANG_WARN_SUSPICIOUS_MOVE = YES;
				CLANG_WARN_UNGUARDED_AVAILABILITY = YES_AGGRESSIVE;
				CLANG_WARN_UNREACHABLE_CODE = YES;
				CLANG_WARN__DUPLICATE_METHOD_MATCH = YES;
				COPY_PHASE_STRIP = NO;
				DEBUG_INFORMATION_FORMAT = dwarf;
				ENABLE_STRICT_OBJC_MSGSEND = YES;
				ENABLE_TESTABILITY = YES;
				GCC_C_LANGUAGE_STANDARD = gnu11;
				GCC_DYNAMIC_NO_PIC = NO;
				GCC_NO_COMMON_BLOCKS = YES;
				GCC_OPTIMIZATION_LEVEL = 0;
				GCC_PREPROCESSOR_DEFINITIONS = (
					"DEBUG=1",
					"$(inherited)",
				);
				GCC_WARN_64_TO_32_BIT_CONVERSION = YES;
				GCC_WARN_ABOUT_RETURN_TYPE = YES_ERROR;
				GCC_WARN_UNDECLARED_SELECTOR = YES;
				GCC_WARN_UNINITIALIZED_AUTOS = YES_AGGRESSIVE;
				GCC_WARN_UNUSED_FUNCTION = YES;
				GCC_WARN_UNUSED_VARIABLE = YES;
				IPHONEOS_DEPLOYMENT_TARGET = 14.4;
				MTL_ENABLE_DEBUG_INFO = INCLUDE_SOURCE;
				MTL_FAST_MATH = YES;
				ONLY_ACTIVE_ARCH = YES;
				SDKROOT = iphoneos;
				SWIFT_ACTIVE_COMPILATION_CONDITIONS = DEBUG;
				SWIFT_OPTIMIZATION_LEVEL = "-Onone";
			};
			name = Debug;
		};
		78540DF525C8A8C500D0FEE4 /* Release */ = {
			isa = XCBuildConfiguration;
			buildSettings = {
				ALWAYS_SEARCH_USER_PATHS = NO;
				CLANG_ANALYZER_NONNULL = YES;
				CLANG_ANALYZER_NUMBER_OBJECT_CONVERSION = YES_AGGRESSIVE;
				CLANG_CXX_LANGUAGE_STANDARD = "gnu++14";
				CLANG_CXX_LIBRARY = "libc++";
				CLANG_ENABLE_MODULES = YES;
				CLANG_ENABLE_OBJC_ARC = YES;
				CLANG_ENABLE_OBJC_WEAK = YES;
				CLANG_WARN_BLOCK_CAPTURE_AUTORELEASING = YES;
				CLANG_WARN_BOOL_CONVERSION = YES;
				CLANG_WARN_COMMA = YES;
				CLANG_WARN_CONSTANT_CONVERSION = YES;
				CLANG_WARN_DEPRECATED_OBJC_IMPLEMENTATIONS = YES;
				CLANG_WARN_DIRECT_OBJC_ISA_USAGE = YES_ERROR;
				CLANG_WARN_DOCUMENTATION_COMMENTS = YES;
				CLANG_WARN_EMPTY_BODY = YES;
				CLANG_WARN_ENUM_CONVERSION = YES;
				CLANG_WARN_INFINITE_RECURSION = YES;
				CLANG_WARN_INT_CONVERSION = YES;
				CLANG_WARN_NON_LITERAL_NULL_CONVERSION = YES;
				CLANG_WARN_OBJC_IMPLICIT_RETAIN_SELF = YES;
				CLANG_WARN_OBJC_LITERAL_CONVERSION = YES;
				CLANG_WARN_OBJC_ROOT_CLASS = YES_ERROR;
				CLANG_WARN_QUOTED_INCLUDE_IN_FRAMEWORK_HEADER = YES;
				CLANG_WARN_RANGE_LOOP_ANALYSIS = YES;
				CLANG_WARN_STRICT_PROTOTYPES = YES;
				CLANG_WARN_SUSPICIOUS_MOVE = YES;
				CLANG_WARN_UNGUARDED_AVAILABILITY = YES_AGGRESSIVE;
				CLANG_WARN_UNREACHABLE_CODE = YES;
				CLANG_WARN__DUPLICATE_METHOD_MATCH = YES;
				COPY_PHASE_STRIP = NO;
				DEBUG_INFORMATION_FORMAT = "dwarf-with-dsym";
				ENABLE_NS_ASSERTIONS = NO;
				ENABLE_STRICT_OBJC_MSGSEND = YES;
				GCC_C_LANGUAGE_STANDARD = gnu11;
				GCC_NO_COMMON_BLOCKS = YES;
				GCC_WARN_64_TO_32_BIT_CONVERSION = YES;
				GCC_WARN_ABOUT_RETURN_TYPE = YES_ERROR;
				GCC_WARN_UNDECLARED_SELECTOR = YES;
				GCC_WARN_UNINITIALIZED_AUTOS = YES_AGGRESSIVE;
				GCC_WARN_UNUSED_FUNCTION = YES;
				GCC_WARN_UNUSED_VARIABLE = YES;
				IPHONEOS_DEPLOYMENT_TARGET = 14.4;
				MTL_ENABLE_DEBUG_INFO = NO;
				MTL_FAST_MATH = YES;
				SDKROOT = iphoneos;
				SWIFT_COMPILATION_MODE = wholemodule;
				SWIFT_OPTIMIZATION_LEVEL = "-O";
				VALIDATE_PRODUCT = YES;
			};
			name = Release;
		};
		78540DF725C8A8C500D0FEE4 /* Debug */ = {
			isa = XCBuildConfiguration;
			buildSettings = {
				ASSETCATALOG_COMPILER_APPICON_NAME = AppIcon;
				ASSETCATALOG_COMPILER_GLOBAL_ACCENT_COLOR_NAME = AccentColor;
				CODE_SIGN_STYLE = Automatic;
				DEVELOPMENT_ASSET_PATHS = "\"Rubiks Cube Timer/Preview Content\"";
				DEVELOPMENT_TEAM = 45Q2K2H5NA;
				ENABLE_PREVIEWS = YES;
				INFOPLIST_FILE = "Rubiks Cube Timer/Info.plist";
				IPHONEOS_DEPLOYMENT_TARGET = 14.0;
				LD_RUNPATH_SEARCH_PATHS = (
					"$(inherited)",
					"@executable_path/Frameworks",
				);
				PRODUCT_BUNDLE_IDENTIFIER = "dev.havish.Rubiks-Cube-Timer";
				PRODUCT_NAME = "$(TARGET_NAME)";
				SWIFT_VERSION = 5.0;
				TARGETED_DEVICE_FAMILY = "1,2";
			};
			name = Debug;
		};
		78540DF825C8A8C500D0FEE4 /* Release */ = {
			isa = XCBuildConfiguration;
			buildSettings = {
				ASSETCATALOG_COMPILER_APPICON_NAME = AppIcon;
				ASSETCATALOG_COMPILER_GLOBAL_ACCENT_COLOR_NAME = AccentColor;
				CODE_SIGN_STYLE = Automatic;
				DEVELOPMENT_ASSET_PATHS = "\"Rubiks Cube Timer/Preview Content\"";
				DEVELOPMENT_TEAM = 45Q2K2H5NA;
				ENABLE_PREVIEWS = YES;
				INFOPLIST_FILE = "Rubiks Cube Timer/Info.plist";
				IPHONEOS_DEPLOYMENT_TARGET = 14.0;
				LD_RUNPATH_SEARCH_PATHS = (
					"$(inherited)",
					"@executable_path/Frameworks",
				);
				PRODUCT_BUNDLE_IDENTIFIER = "dev.havish.Rubiks-Cube-Timer";
				PRODUCT_NAME = "$(TARGET_NAME)";
				SWIFT_VERSION = 5.0;
				TARGETED_DEVICE_FAMILY = "1,2";
			};
			name = Release;
		};
		78540DFA25C8A8C500D0FEE4 /* Debug */ = {
			isa = XCBuildConfiguration;
			buildSettings = {
				ALWAYS_EMBED_SWIFT_STANDARD_LIBRARIES = YES;
				BUNDLE_LOADER = "$(TEST_HOST)";
				CODE_SIGN_STYLE = Automatic;
				DEVELOPMENT_TEAM = 45Q2K2H5NA;
				INFOPLIST_FILE = "Rubiks Cube TimerTests/Info.plist";
				IPHONEOS_DEPLOYMENT_TARGET = 14.0;
				LD_RUNPATH_SEARCH_PATHS = (
					"$(inherited)",
					"@executable_path/Frameworks",
					"@loader_path/Frameworks",
				);
				PRODUCT_BUNDLE_IDENTIFIER = "dev.havish.Rubiks-Cube-TimerTests";
				PRODUCT_NAME = "$(TARGET_NAME)";
				SWIFT_VERSION = 5.0;
				TARGETED_DEVICE_FAMILY = "1,2";
				TEST_HOST = "$(BUILT_PRODUCTS_DIR)/Rubiks Cube Timer.app/Rubiks Cube Timer";
			};
			name = Debug;
		};
		78540DFB25C8A8C500D0FEE4 /* Release */ = {
			isa = XCBuildConfiguration;
			buildSettings = {
				ALWAYS_EMBED_SWIFT_STANDARD_LIBRARIES = YES;
				BUNDLE_LOADER = "$(TEST_HOST)";
				CODE_SIGN_STYLE = Automatic;
				DEVELOPMENT_TEAM = 45Q2K2H5NA;
				INFOPLIST_FILE = "Rubiks Cube TimerTests/Info.plist";
				IPHONEOS_DEPLOYMENT_TARGET = 14.0;
				LD_RUNPATH_SEARCH_PATHS = (
					"$(inherited)",
					"@executable_path/Frameworks",
					"@loader_path/Frameworks",
				);
				PRODUCT_BUNDLE_IDENTIFIER = "dev.havish.Rubiks-Cube-TimerTests";
				PRODUCT_NAME = "$(TARGET_NAME)";
				SWIFT_VERSION = 5.0;
				TARGETED_DEVICE_FAMILY = "1,2";
				TEST_HOST = "$(BUILT_PRODUCTS_DIR)/Rubiks Cube Timer.app/Rubiks Cube Timer";
			};
			name = Release;
		};
		78540DFD25C8A8C500D0FEE4 /* Debug */ = {
			isa = XCBuildConfiguration;
			buildSettings = {
				ALWAYS_EMBED_SWIFT_STANDARD_LIBRARIES = YES;
				CODE_SIGN_STYLE = Automatic;
				DEVELOPMENT_TEAM = 45Q2K2H5NA;
				INFOPLIST_FILE = "Rubiks Cube TimerUITests/Info.plist";
				LD_RUNPATH_SEARCH_PATHS = (
					"$(inherited)",
					"@executable_path/Frameworks",
					"@loader_path/Frameworks",
				);
				PRODUCT_BUNDLE_IDENTIFIER = "dev.havish.Rubiks-Cube-TimerUITests";
				PRODUCT_NAME = "$(TARGET_NAME)";
				SWIFT_VERSION = 5.0;
				TARGETED_DEVICE_FAMILY = "1,2";
				TEST_TARGET_NAME = "Rubiks Cube Timer";
			};
			name = Debug;
		};
		78540DFE25C8A8C500D0FEE4 /* Release */ = {
			isa = XCBuildConfiguration;
			buildSettings = {
				ALWAYS_EMBED_SWIFT_STANDARD_LIBRARIES = YES;
				CODE_SIGN_STYLE = Automatic;
				DEVELOPMENT_TEAM = 45Q2K2H5NA;
				INFOPLIST_FILE = "Rubiks Cube TimerUITests/Info.plist";
				LD_RUNPATH_SEARCH_PATHS = (
					"$(inherited)",
					"@executable_path/Frameworks",
					"@loader_path/Frameworks",
				);
				PRODUCT_BUNDLE_IDENTIFIER = "dev.havish.Rubiks-Cube-TimerUITests";
				PRODUCT_NAME = "$(TARGET_NAME)";
				SWIFT_VERSION = 5.0;
				TARGETED_DEVICE_FAMILY = "1,2";
				TEST_TARGET_NAME = "Rubiks Cube Timer";
			};
			name = Release;
		};
/* End XCBuildConfiguration section */

/* Begin XCConfigurationList section */
		78540DCC25C8A8C300D0FEE4 /* Build configuration list for PBXProject "Rubiks Cube Timer" */ = {
			isa = XCConfigurationList;
			buildConfigurations = (
				78540DF425C8A8C500D0FEE4 /* Debug */,
				78540DF525C8A8C500D0FEE4 /* Release */,
			);
			defaultConfigurationIsVisible = 0;
			defaultConfigurationName = Release;
		};
		78540DF625C8A8C500D0FEE4 /* Build configuration list for PBXNativeTarget "Rubiks Cube Timer" */ = {
			isa = XCConfigurationList;
			buildConfigurations = (
				78540DF725C8A8C500D0FEE4 /* Debug */,
				78540DF825C8A8C500D0FEE4 /* Release */,
			);
			defaultConfigurationIsVisible = 0;
			defaultConfigurationName = Release;
		};
		78540DF925C8A8C500D0FEE4 /* Build configuration list for PBXNativeTarget "Rubiks Cube TimerTests" */ = {
			isa = XCConfigurationList;
			buildConfigurations = (
				78540DFA25C8A8C500D0FEE4 /* Debug */,
				78540DFB25C8A8C500D0FEE4 /* Release */,
			);
			defaultConfigurationIsVisible = 0;
			defaultConfigurationName = Release;
		};
		78540DFC25C8A8C500D0FEE4 /* Build configuration list for PBXNativeTarget "Rubiks Cube TimerUITests" */ = {
			isa = XCConfigurationList;
			buildConfigurations = (
				78540DFD25C8A8C500D0FEE4 /* Debug */,
				78540DFE25C8A8C500D0FEE4 /* Release */,
			);
			defaultConfigurationIsVisible = 0;
			defaultConfigurationName = Release;
		};
/* End XCConfigurationList section */

/* Begin XCRemoteSwiftPackageReference section */
		785FB61525D1DD6D009EC3F6 /* XCRemoteSwiftPackageReference "PartialSheet" */ = {
			isa = XCRemoteSwiftPackageReference;
			repositoryURL = "https://github.com/AndreaMiotto/PartialSheet.git";
			requirement = {
				kind = upToNextMajorVersion;
				minimumVersion = 2.1.11;
			};
		};
		785FB61B25D20C55009EC3F6 /* XCRemoteSwiftPackageReference "neumorphic" */ = {
			isa = XCRemoteSwiftPackageReference;
			repositoryURL = "https://github.com/costachung/neumorphic.git";
			requirement = {
				kind = upToNextMajorVersion;
				minimumVersion = 1.2.6;
			};
		};
/* End XCRemoteSwiftPackageReference section */

/* Begin XCSwiftPackageProductDependency section */
		785FB61625D1DD6D009EC3F6 /* PartialSheet */ = {
			isa = XCSwiftPackageProductDependency;
			package = 785FB61525D1DD6D009EC3F6 /* XCRemoteSwiftPackageReference "PartialSheet" */;
			productName = PartialSheet;
		};
		785FB61C25D20C55009EC3F6 /* Neumorphic */ = {
			isa = XCSwiftPackageProductDependency;
			package = 785FB61B25D20C55009EC3F6 /* XCRemoteSwiftPackageReference "neumorphic" */;
			productName = Neumorphic;
		};
/* End XCSwiftPackageProductDependency section */

/* Begin XCVersionGroup section */
		787677DE25CB887700DF38A7 /* Timer.xcdatamodeld */ = {
			isa = XCVersionGroup;
			children = (
				787677DF25CB887700DF38A7 /* Solve.xcdatamodel */,
			);
			currentVersion = 787677DF25CB887700DF38A7 /* Solve.xcdatamodel */;
			path = Timer.xcdatamodeld;
			sourceTree = "<group>";
			versionGroupType = wrapper.xcdatamodel;
		};
/* End XCVersionGroup section */
	};
	rootObject = 78540DC925C8A8C300D0FEE4 /* Project object */;
}
